{
  "version": 1,
  "dependencies": {
    ".NETFramework,Version=v4.5.2": {
      "log4net": {
        "type": "Direct",
        "requested": "[2.0.0, 2.0.0]",
        "resolved": "2.0.0",
        "contentHash": "KPajjkU1rbF6uY2rnakbh36LB9z9FVcYlciyOi6C5SJ3AMNywxjCGxBTN/Hl5nQEinRLuWvHWPF8W7YHh9sONw=="
      }
    }
  }
}