
Microsoft Visual Studio Solution File, Format Version 12.00
# Visual Studio Version 16
VisualStudioVersion = 16.0.30225.117
MinimumVisualStudioVersion = 10.0.40219.1
Project("{FAE04EC0-301F-11D3-BF4B-00C04F79EFBC}") = "NetCore31", "NetCore31.csproj", "{2726B9D3-7125-4B10-8672-0C101037AF7B}"
EndProject
Global
	GlobalSection(SolutionConfigurationPlatforms) = preSolution
		Debug|Any CPU = Debug|Any CPU
		Release|Any CPU = Release|Any CPU
	EndGlobalSection
	GlobalSection(ProjectConfigurationPlatforms) = postSolution
		{2726B9D3-7125-4B10-8672-0C101037AF7B}.Debug|Any CPU.ActiveCfg = Debug|Any CPU
		{2726B9D3-7125-4B10-8672-0C101037AF7B}.Debug|Any CPU.Build.0 = Debug|Any CPU
		{2726B9D3-7125-4B10-8672-0C101037AF7B}.Release|Any CPU.ActiveCfg = Release|Any CPU
		{2726B9D3-7125-4B10-8672-0C101037AF7B}.Release|Any CPU.Build.0 = Release|Any CPU
	EndGlobalSection
	GlobalSection(SolutionProperties) = preSolution
		HideSolutionNode = FALSE
	EndGlobalSection
	GlobalSection(ExtensibilityGlobals) = postSolution
		SolutionGuid = {A36E0835-84BF-4387-9F5F-8CE5D1A11585}
	EndGlobalSection
EndGlobal
