
Microsoft Visual Studio Solution File, Format Version 12.00
# Visual Studio Version 16
VisualStudioVersion = 16.0.31025.194
MinimumVisualStudioVersion = 10.0.40219.1
Project("{9A19103F-16F7-4668-BE54-9A1E7A4F7556}") = "CodeDuplicationMainProj", "CodeDuplicationMainProj\CodeDuplicationMainProj.csproj", "{DAD7DE22-784C-4377-AC6A-06DA232FBD46}"
EndProject
Project("{FAE04EC0-301F-11D3-BF4B-00C04F79EFBC}") = "CodeDuplicationTestProj", "CodeDuplicationTestProj\CodeDuplicationTestProj.csproj", "{F6EC5007-E01A-4D47-9687-FBA3790A3643}"
EndProject
Global
	GlobalSection(SolutionConfigurationPlatforms) = preSolution
		Debug|Any CPU = Debug|Any CPU
		Release|Any CPU = Release|Any CPU
	EndGlobalSection
	GlobalSection(ProjectConfigurationPlatforms) = postSolution
		{DAD7DE22-784C-4377-AC6A-06DA232FBD46}.Debug|Any CPU.ActiveCfg = Debug|Any CPU
		{DAD7DE22-784C-4377-AC6A-06DA232FBD46}.Debug|Any CPU.Build.0 = Debug|Any CPU
		{DAD7DE22-784C-4377-AC6A-06DA232FBD46}.Release|Any CPU.ActiveCfg = Release|Any CPU
		{DAD7DE22-784C-4377-AC6A-06DA232FBD46}.Release|Any CPU.Build.0 = Release|Any CPU
		{F6EC5007-E01A-4D47-9687-FBA3790A3643}.Debug|Any CPU.ActiveCfg = Debug|Any CPU
		{F6EC5007-E01A-4D47-9687-FBA3790A3643}.Debug|Any CPU.Build.0 = Debug|Any CPU
		{F6EC5007-E01A-4D47-9687-FBA3790A3643}.Release|Any CPU.ActiveCfg = Release|Any CPU
		{F6EC5007-E01A-4D47-9687-FBA3790A3643}.Release|Any CPU.Build.0 = Release|Any CPU
	EndGlobalSection
	GlobalSection(SolutionProperties) = preSolution
		HideSolutionNode = FALSE
	EndGlobalSection
	GlobalSection(ExtensibilityGlobals) = postSolution
		SolutionGuid = {0D834DDD-906A-41D1-ADF2-11EBCF60CF29}
	EndGlobalSection
EndGlobal
