
Microsoft Visual Studio Solution File, Format Version 12.00
# Visual Studio Version 17
VisualStudioVersion = 17.4.33110.190
MinimumVisualStudioVersion = 10.0.40219.1
Project("{FAE04EC0-301F-11D3-BF4B-00C04F79EFBC}") = "IncrementalPRAnalysis", "IncrementalPRAnalysis\IncrementalPRAnalysis.csproj", "{DAD3F064-6C7F-4DD0-BA2F-E202378BAE47}"
EndProject
Global
	GlobalSection(SolutionConfigurationPlatforms) = preSolution
		Debug|Any CPU = Debug|Any CPU
		Release|Any CPU = Release|Any CPU
	EndGlobalSection
	GlobalSection(ProjectConfigurationPlatforms) = postSolution
		{DAD3F064-6C7F-4DD0-BA2F-E202378BAE47}.Debug|Any CPU.ActiveCfg = Debug|Any CPU
		{DAD3F064-6C7F-4DD0-BA2F-E202378BAE47}.Debug|Any CPU.Build.0 = Debug|Any CPU
		{DAD3F064-6C7F-4DD0-BA2F-E202378BAE47}.Release|Any CPU.ActiveCfg = Release|Any CPU
		{DAD3F064-6C7F-4DD0-BA2F-E202378BAE47}.Release|Any CPU.Build.0 = Release|Any CPU
	EndGlobalSection
	GlobalSection(SolutionProperties) = preSolution
		HideSolutionNode = FALSE
	EndGlobalSection
	GlobalSection(ExtensibilityGlobals) = postSolution
		SolutionGuid = {563E56A8-C69A-48F8-87DF-0EE4F9D03DB0}
	EndGlobalSection
EndGlobal
