
Microsoft Visual Studio Solution File, Format Version 11.00
# Visual Studio 2010
Project("{FAE04EC0-301F-11D3-BF4B-00C04F79EFBC}") = "CSharpLib", "CSharpLib\CSharpLib.csproj", "{BAD9AC5B-A602-4865-B46B-726B4D759F0B}"
EndProject
Project("{F184B08F-C81C-45F6-A57F-5ABD9991F28F}") = "VBLib", "VBLib\VBLib.vbproj", "{D37F0B9F-CEAE-4EA8-AF19-B6AD38D199D4}"
EndProject
Global
	GlobalSection(SolutionConfigurationPlatforms) = preSolution
		Debug|Any CPU = Debug|Any CPU
		Release|Any CPU = Release|Any CPU
	EndGlobalSection
	GlobalSection(ProjectConfigurationPlatforms) = postSolution
		{BAD9AC5B-A602-4865-B46B-726B4D759F0B}.Debug|Any CPU.ActiveCfg = Debug|Any CPU
		{BAD9AC5B-A602-4865-B46B-726B4D759F0B}.Debug|Any CPU.Build.0 = Debug|Any CPU
		{BAD9AC5B-A602-4865-B46B-726B4D759F0B}.Release|Any CPU.ActiveCfg = Release|Any CPU
		{BAD9AC5B-A602-4865-B46B-726B4D759F0B}.Release|Any CPU.Build.0 = Release|Any CPU
		{D37F0B9F-CEAE-4EA8-AF19-B6AD38D199D4}.Debug|Any CPU.ActiveCfg = Debug|Any CPU
		{D37F0B9F-CEAE-4EA8-AF19-B6AD38D199D4}.Debug|Any CPU.Build.0 = Debug|Any CPU
		{D37F0B9F-CEAE-4EA8-AF19-B6AD38D199D4}.Release|Any CPU.ActiveCfg = Release|Any CPU
		{D37F0B9F-CEAE-4EA8-AF19-B6AD38D199D4}.Release|Any CPU.Build.0 = Release|Any CPU
	EndGlobalSection
	GlobalSection(SolutionProperties) = preSolution
		HideSolutionNode = FALSE
	EndGlobalSection
EndGlobal
