
Microsoft Visual Studio Solution File, Format Version 12.00
# Visual Studio Version 17
VisualStudioVersion = 17.0.31717.71
MinimumVisualStudioVersion = 10.0.40219.1
Project("{FAE04EC0-301F-11D3-BF4B-00C04F79EFBC}") = "Net6", "Net6\Net6.csproj", "{D079BA56-CCD4-4F75-AA4F-6FDB4AFE470C}"
EndProject
Global
	GlobalSection(SolutionConfigurationPlatforms) = preSolution
		Debug|Any CPU = Debug|Any CPU
		Release|Any CPU = Release|Any CPU
	EndGlobalSection
	GlobalSection(ProjectConfigurationPlatforms) = postSolution
		{D079BA56-CCD4-4F75-AA4F-6FDB4AFE470C}.Debug|Any CPU.ActiveCfg = Debug|Any CPU
		{D079BA56-CCD4-4F75-AA4F-6FDB4AFE470C}.Debug|Any CPU.Build.0 = Debug|Any CPU
		{D079BA56-CCD4-4F75-AA4F-6FDB4AFE470C}.Release|Any CPU.ActiveCfg = Release|Any CPU
		{D079BA56-CCD4-4F75-AA4F-6FDB4AFE470C}.Release|Any CPU.Build.0 = Release|Any CPU
	EndGlobalSection
	GlobalSection(SolutionProperties) = preSolution
		HideSolutionNode = FALSE
	EndGlobalSection
	GlobalSection(ExtensibilityGlobals) = postSolution
		SolutionGuid = {49FBA3F7-533B-4920-B0D3-6E2FACA4B00A}
	EndGlobalSection
EndGlobal
