{
  "version": 1,
  "dependencies": {
    ".NETFramework,Version=v4.5.2": {
      "SharpZipLib": {
        "type": "Direct",
        "requested": "[0.86.0, 0.86.0]",
        "resolved": "0.86.0",
        "contentHash": "5DbS1SlKLMi+WG00Cm0ueYf2oyXJrowETQk8nx96rmdjTuHsA3laPykGV7Sxi0R5Xxfx0Kh/EfacAZ1f6M7y/g=="
      }
    }
  }
}