{
  "version": 1,
  "dependencies": {
    "net6.0": {
      "Microsoft.Windows.Compatibility": {
        "type": "Direct",
        "requested": "[6.0.0, )",
        "resolved": "6.0.0",
        "contentHash": "9esuK5JqnjkDgO9/AHesyJSG0aKwpfLVzTw6nIGYhqE91VLxZyv3HKulNoPVy/NOuyAaf1kE4FKtdZDzdd/SLw==",
        "dependencies": {
          "Microsoft.Win32.Registry.AccessControl": "6.0.0",
          "Microsoft.Win32.SystemEvents": "6.0.0",
          "System.CodeDom": "6.0.0",
          "System.ComponentModel.Composition": "6.0.0",
          "System.ComponentModel.Composition.Registration": "6.0.0",
          "System.Configuration.ConfigurationManager": "6.0.0",
          "System.Data.Odbc": "6.0.0",
          "System.Data.OleDb": "6.0.0",
          "System.Data.SqlClient": "4.8.3",
          "System.Diagnostics.EventLog": "6.0.0",
          "System.Diagnostics.PerformanceCounter": "6.0.0",
          "System.DirectoryServices": "6.0.0",
          "System.DirectoryServices.AccountManagement": "6.0.0",
          "System.DirectoryServices.Protocols": "6.0.0",
          "System.Drawing.Common": "6.0.0",
          "System.IO.Packaging": "6.0.0",
          "System.IO.Ports": "6.0.0",
          "System.Management": "6.0.0",
          "System.Reflection.Context": "6.0.0",
          "System.Runtime.Caching": "6.0.0",
          "System.Security.AccessControl": "6.0.0",
          "System.Security.Cryptography.Pkcs": "6.0.0",
          "System.Security.Cryptography.ProtectedData": "6.0.0",
          "System.Security.Cryptography.Xml": "6.0.0",
          "System.Security.Permissions": "6.0.0",
          "System.ServiceModel.Duplex": "4.9.0",
          "System.ServiceModel.Http": "4.9.0",
          "System.ServiceModel.NetTcp": "4.9.0",
          "System.ServiceModel.Primitives": "4.9.0",
          "System.ServiceModel.Security": "4.9.0",
          "System.ServiceModel.Syndication": "6.0.0",
          "System.ServiceProcess.ServiceController": "6.0.0",
          "System.Speech": "6.0.0",
          "System.Text.Encoding.CodePages": "6.0.0",
          "System.Threading.AccessControl": "6.0.0",
          "System.Web.Services.Description": "4.9.0"
        }
      },
      "Microsoft.Bcl.AsyncInterfaces": {
        "type": "Transitive",
        "resolved": "5.0.0",
        "contentHash": "W8DPQjkMScOMTtJbPwmPyj9c3zYSFGawDW3jwlBOOsnY+EzZFLgNQ/UMkK35JmkNOVPdCyPr2Tw7Vv9N+KA3ZQ=="
      },
      "Microsoft.Extensions.ObjectPool": {
        "type": "Transitive",
        "resolved": "5.0.10",
        "contentHash": "pp9tbGqIhdEXL6Q1yJl+zevAJSq4BsxqhS1GXzBvEsEz9DDNu9GLNzgUy2xyFc4YjB4m4Ff2YEWTnvQvVYdkvQ=="
      },
      "Microsoft.Win32.Registry": {
        "type": "Transitive",
        "resolved": "4.7.0",
        "contentHash": "KSrRMb5vNi0CWSGG1++id2ZOs/1QhRqROt+qgbEAdQuGjGrFcl4AOl4/exGPUYz2wUnU42nvJqon1T3U0kPXLA==",
        "dependencies": {
          "System.Security.AccessControl": "4.7.0",
          "System.Security.Principal.Windows": "4.7.0"
        }
      },
      "Microsoft.Win32.Registry.AccessControl": {
        "type": "Transitive",
        "resolved": "6.0.0",
        "contentHash": "UoE+eeuBKL+GFHxHV3FjHlY5K8Wr/IR7Ee/a2oDNqFodF1iMqyt5hIs0U9Z217AbWrHrNle4750kD03hv1IMZw==",
        "dependencies": {
          "System.Security.AccessControl": "6.0.0"
        }
      },
      "Microsoft.Win32.SystemEvents": {
        "type": "Transitive",
        "resolved": "6.0.0",
        "contentHash": "hqTM5628jSsQiv+HGpiq3WKBl2c8v1KZfby2J6Pr7pEPlK9waPdgEO6b8A/+/xn/yZ9ulv8HuqK71ONy2tg67A=="
      },
      "runtime.linux-arm.runtime.native.System.IO.Ports": {
        "type": "Transitive",
        "resolved": "6.0.0",
        "contentHash": "75q52H7CSpgIoIDwXb9o833EvBZIXJ0mdPhz1E6jSisEXUBlSCPalC29cj3EXsjpuDwr0dj1LRXZepIQH/oL4Q=="
      },
      "runtime.linux-arm64.runtime.native.System.IO.Ports": {
        "type": "Transitive",
        "resolved": "6.0.0",
        "contentHash": "xn2bMThmXr3CsvOYmS8ex2Yz1xo+kcnhVg2iVhS9PlmqjZPAkrEo/I40wjrBZH/tU4kvH0s1AE8opAvQ3KIS8g=="
      },
      "runtime.linux-x64.runtime.native.System.IO.Ports": {
        "type": "Transitive",
        "resolved": "6.0.0",
        "contentHash": "16nbNXwv0sC+gLGIuecri0skjuh6R1maIJggsaNP7MQBcbVcEfWFUOkEnsnvoLEjy0XerfibuRptfQ8AmdIcWA=="
      },
      "runtime.native.System.Data.SqlClient.sni": {
        "type": "Transitive",
        "resolved": "4.7.0",
        "contentHash": "9kyFSIdN3T0qjDQ2R0HRXYIhS3l5psBzQi6qqhdLz+SzFyEy4sVxNOke+yyYv8Cu8rPER12c3RDjLT8wF3WBYQ==",
        "dependencies": {
          "runtime.win-arm64.runtime.native.System.Data.SqlClient.sni": "4.4.0",
          "runtime.win-x64.runtime.native.System.Data.SqlClient.sni": "4.4.0",
          "runtime.win-x86.runtime.native.System.Data.SqlClient.sni": "4.4.0"
        }
      },
      "runtime.native.System.IO.Ports": {
        "type": "Transitive",
        "resolved": "6.0.0",
        "contentHash": "KaaXlpOcuZjMdmyF5wzzx3b+PRKIzt6A5Ax9dKenPDQbVJAFpev+casD0BIig1pBcbs3zx7CqWemzUJKAeHdSQ==",
        "dependencies": {
          "runtime.linux-arm.runtime.native.System.IO.Ports": "6.0.0",
          "runtime.linux-arm64.runtime.native.System.IO.Ports": "6.0.0",
          "runtime.linux-x64.runtime.native.System.IO.Ports": "6.0.0",
          "runtime.osx-arm64.runtime.native.System.IO.Ports": "6.0.0",
          "runtime.osx-x64.runtime.native.System.IO.Ports": "6.0.0"
        }
      },
      "runtime.osx-arm64.runtime.native.System.IO.Ports": {
        "type": "Transitive",
        "resolved": "6.0.0",
        "contentHash": "fXG12NodG1QrCdoaeSQ1gVnk/koi4WYY4jZtarMkZeQMyReBm1nZlSRoPnUjLr2ZR36TiMjpcGnQfxymieUe7w=="
      },
      "runtime.osx-x64.runtime.native.System.IO.Ports": {
        "type": "Transitive",
        "resolved": "6.0.0",
        "contentHash": "/As+zPY49+dSUXkh+fTUbyPhqrdGN//evLxo4Vue88pfh1BHZgF7q4kMblTkxYvwR6Vi03zSYxysSFktO8/SDQ=="
      },
      "runtime.win-arm64.runtime.native.System.Data.SqlClient.sni": {
        "type": "Transitive",
        "resolved": "4.4.0",
        "contentHash": "LbrynESTp3bm5O/+jGL8v0Qg5SJlTV08lpIpFesXjF6uGNMWqFnUQbYBJwZTeua6E/Y7FIM1C54Ey1btLWupdg=="
      },
      "runtime.win-x64.runtime.native.System.Data.SqlClient.sni": {
        "type": "Transitive",
        "resolved": "4.4.0",
        "contentHash": "38ugOfkYJqJoX9g6EYRlZB5U2ZJH51UP8ptxZgdpS07FgOEToV+lS11ouNK2PM12Pr6X/PpT5jK82G3DwH/SxQ=="
      },
      "runtime.win-x86.runtime.native.System.Data.SqlClient.sni": {
        "type": "Transitive",
        "resolved": "4.4.0",
        "contentHash": "YhEdSQUsTx+C8m8Bw7ar5/VesXvCFMItyZF7G1AUY+OM0VPZUOeAVpJ4Wl6fydBGUYZxojTDR3I6Bj/+BPkJNA=="
      },
      "System.CodeDom": {
        "type": "Transitive",
        "resolved": "6.0.0",
        "contentHash": "CPc6tWO1LAer3IzfZufDBRL+UZQcj5uS207NHALQzP84Vp/z6wF0Aa0YZImOQY8iStY0A2zI/e3ihKNPfUm8XA=="
      },
      "System.ComponentModel.Composition": {
        "type": "Transitive",
        "resolved": "6.0.0",
        "contentHash": "60Qv+F7oxomOjJeTDA5Z4iCyFbQ0B/2Mi5HT+13pxxq0lVnu2ipbWMzFB+RWKr3wWKA8BSncXr9PH/fECwMX5Q=="
      },
      "System.ComponentModel.Composition.Registration": {
        "type": "Transitive",
        "resolved": "6.0.0",
        "contentHash": "+i3RLlOgTsf15VeADBPpzPyRiXq71aLSuzdHeNtmq9f6BwpF3OWhB76p0WDUNCa3Z+SLD4dJbBM9yAep7kQCGA==",
        "dependencies": {
          "System.ComponentModel.Composition": "6.0.0",
          "System.Reflection.Context": "6.0.0"
        }
      },
      "System.Configuration.ConfigurationManager": {
        "type": "Transitive",
        "resolved": "6.0.0",
        "contentHash": "7T+m0kDSlIPTHIkPMIu6m6tV6qsMqJpvQWW2jIc2qi7sn40qxFo0q+7mEQAhMPXZHMKnWrnv47ntGlM/ejvw3g==",
        "dependencies": {
          "System.Security.Cryptography.ProtectedData": "6.0.0",
          "System.Security.Permissions": "6.0.0"
        }
      },
      "System.Data.Odbc": {
        "type": "Transitive",
        "resolved": "6.0.0",
        "contentHash": "pnZjwe0Qwr1Rnp7NExd5zz4YwXJrYuAbWNKjEQpTzCEg6f/L5DYJS7w3hG3vgSj1t/r79UL390YzXIklf1VuQQ==",
        "dependencies": {
          "System.Text.Encoding.CodePages": "6.0.0"
        }
      },
      "System.Data.OleDb": {
        "type": "Transitive",
        "resolved": "6.0.0",
        "contentHash": "LQ8PjTIF1LtrrlGiyiTVjAkQtTWKm9GSNnygIlWjhN9y88s7xhy6DUNDDkmQQ9f6ex7mA4k0Tl97lz/CklaiLg==",
        "dependencies": {
          "System.Configuration.ConfigurationManager": "6.0.0",
          "System.Diagnostics.PerformanceCounter": "6.0.0"
        }
      },
      "System.Data.SqlClient": {
        "type": "Transitive",
        "resolved": "4.8.3",
        "contentHash": "yERfVLXAY0QbylAgaGLByYN0hFxX28aeEQ0hUgJO+Ntn1AfmWl5HHUoYJA0Yl9HhIUUJHVaS/Sw/RLZr5aaC+A==",
        "dependencies": {
          "Microsoft.Win32.Registry": "4.7.0",
          "System.Security.Principal.Windows": "4.7.0",
          "runtime.native.System.Data.SqlClient.sni": "4.7.0"
        }
      },
      "System.Diagnostics.EventLog": {
        "type": "Transitive",
        "resolved": "6.0.0",
        "contentHash": "lcyUiXTsETK2ALsZrX+nWuHSIQeazhqPphLfaRxzdGaG93+0kELqpgEHtwWOlQe7+jSFnKwaCAgL4kjeZCQJnw=="
      },
      "System.Diagnostics.PerformanceCounter": {
        "type": "Transitive",
        "resolved": "6.0.0",
        "contentHash": "gbeE5tNp/oB7O8kTTLh3wPPJCxpNOphXPTWVs1BsYuFOYapFijWuh0LYw1qnDo4gwDUYPXOmpTIhvtxisGsYOQ==",
        "dependencies": {
          "System.Configuration.ConfigurationManager": "6.0.0"
        }
      },
      "System.DirectoryServices": {
        "type": "Transitive",
        "resolved": "6.0.0",
        "contentHash": "kp/Op0nxDVGlElDKh8TsXO0GKXftQgAB6sJk0wUetZK1Rr0Pbd86Tn7AllLLlROFZa4BTl/LVHakljtGELFzCg==",
        "dependencies": {
          "System.Security.AccessControl": "6.0.0",
          "System.Security.Permissions": "6.0.0"
        }
      },
      "System.DirectoryServices.AccountManagement": {
        "type": "Transitive",
        "resolved": "6.0.0",
        "contentHash": "2iKkY6VC4WX6H13N8WhH2SRUfWCwg2KZR5w9JIS9cw9N8cZhT7VXxHX0L6OX6Po419aSu2LWrJE9tu6b+cUnPA==",
        "dependencies": {
          "System.Configuration.ConfigurationManager": "6.0.0",
          "System.DirectoryServices": "6.0.0",
          "System.DirectoryServices.Protocols": "6.0.0",
          "System.Security.AccessControl": "6.0.0"
        }
      },
      "System.DirectoryServices.Protocols": {
        "type": "Transitive",
        "resolved": "6.0.0",
        "contentHash": "++WKU7HQPo/FJdhywWw+q2lLjcVAGVw5XLH9kRCV+4DvkhVAcHCksh0ezIqwNROmaU9LMJN0d/LAdeWXu3pi6Q=="
      },
      "System.Drawing.Common": {
        "type": "Transitive",
        "resolved": "6.0.0",
        "contentHash": "NfuoKUiP2nUWwKZN6twGqXioIe1zVD0RIj2t976A+czLHr2nY454RwwXs6JU9Htc6mwqL6Dn/nEL3dpVf2jOhg==",
        "dependencies": {
          "Microsoft.Win32.SystemEvents": "6.0.0"
        }
      },
      "System.Formats.Asn1": {
        "type": "Transitive",
        "resolved": "6.0.0",
        "contentHash": "T6fD00dQ3NTbPDy31m4eQUwKW84s03z0N2C8HpOklyeaDgaJPa/TexP4/SkORMSOwc7WhKifnA6Ya33AkzmafA=="
      },
      "System.IO.Packaging": {
        "type": "Transitive",
        "resolved": "6.0.0",
        "contentHash": "C7OkTRIjqIjAKu6ef/fuj8ynCZTPcTYZnvHaq48bniACgXXJogmEoIc56YCDNTc14xhsbLmgpS3KP+evbsUa2g=="
      },
      "System.IO.Ports": {
        "type": "Transitive",
        "resolved": "6.0.0",
        "contentHash": "dRyGI7fUESar5ZLIpiBOaaNLW7YyOBGftjj5Of+xcduC/Rjl7RjhEnWDvvNBmHuF3d0tdXoqdVI/yrVA8f00XA==",
        "dependencies": {
          "runtime.native.System.IO.Ports": "6.0.0"
        }
      },
      "System.Management": {
        "type": "Transitive",
        "resolved": "6.0.0",
        "contentHash": "sHsESYMmPDhQuOC66h6AEOs/XowzKsbT9srMbX71TCXP58hkpn1BqBjdmKj1+DCA/WlBETX1K5WjQHwmV0Txrg==",
        "dependencies": {
          "System.CodeDom": "6.0.0"
        }
      },
      "System.Numerics.Vectors": {
        "type": "Transitive",
        "resolved": "4.5.0",
        "contentHash": "QQTlPTl06J/iiDbJCiepZ4H//BVraReU4O4EoRw1U02H5TLUIT7xn3GnDp9AXPSlJUDyFs4uWjWafNX6WrAojQ=="
      },
      "System.Private.ServiceModel": {
        "type": "Transitive",
        "resolved": "4.9.0",
        "contentHash": "d3RjkrtpjUQ63PzFmm/SZ4aOXeJNP+8YW5QeP0lCJy8iX4xlHdlNLWTF9sRn9SmrFTK757kQXT9Op/R4l858uw==",
        "dependencies": {
          "Microsoft.Bcl.AsyncInterfaces": "5.0.0",
          "Microsoft.Extensions.ObjectPool": "5.0.10",
          "System.Numerics.Vectors": "4.5.0",
          "System.Reflection.DispatchProxy": "4.7.1",
          "System.Security.Cryptography.Xml": "5.0.0",
          "System.Security.Principal.Windows": "5.0.0"
        }
      },
      "System.Reflection.Context": {
        "type": "Transitive",
        "resolved": "6.0.0",
        "contentHash": "Vi+Gb41oyOYie7uLSsjRmfRg3bryUg5DssJvj3gDUl0D8z6ipSm6/yi/XNx2rcS5iVMvHcwRUHjcx7ixv0K3/w=="
      },
      "System.Reflection.DispatchProxy": {
        "type": "Transitive",
        "resolved": "4.7.1",
        "contentHash": "C1sMLwIG6ILQ2bmOT4gh62V6oJlyF4BlHcVMrOoor49p0Ji2tA8QAoqyMcIhAdH6OHKJ8m7BU+r4LK2CUEOKqw=="
      },
      "System.Runtime.Caching": {
        "type": "Transitive",
        "resolved": "6.0.0",
        "contentHash": "E0e03kUp5X2k+UAoVl6efmI7uU7JRBWi5EIdlQ7cr0NpBGjHG4fWII35PgsBY9T4fJQ8E4QPsL0rKksU9gcL5A==",
        "dependencies": {
          "System.Configuration.ConfigurationManager": "6.0.0"
        }
      },
      "System.Runtime.CompilerServices.Unsafe": {
        "type": "Transitive",
        "resolved": "6.0.0",
        "contentHash": "/iUeP3tq1S0XdNNoMz5C9twLSrM/TH+qElHkXWaPvuNOt+99G75NrV0OS2EqHx5wMN7popYjpc8oTjC1y16DLg=="
      },
      "System.Security.AccessControl": {
        "type": "Transitive",
        "resolved": "6.0.0",
        "contentHash": "AUADIc0LIEQe7MzC+I0cl0rAT8RrTAKFHl53yHjEUzNVIaUlhFY11vc2ebiVJzVBuOzun6F7FBA+8KAbGTTedQ=="
      },
      "System.Security.Cryptography.Pkcs": {
        "type": "Transitive",
        "resolved": "6.0.0",
        "contentHash": "elM3x+xSRhzQysiqo85SbidJJ2YbZlnvmh+53TuSZHsD7dNuuEWser+9EFtY+rYupBwkq2avc6ZCO3/6qACgmg==",
        "dependencies": {
          "System.Formats.Asn1": "6.0.0"
        }
      },
      "System.Security.Cryptography.ProtectedData": {
        "type": "Transitive",
        "resolved": "6.0.0",
        "contentHash": "rp1gMNEZpvx9vP0JW0oHLxlf8oSiQgtno77Y4PLUBjSiDYoD77Y8uXHr1Ea5XG4/pIKhqAdxZ8v8OTUtqo9PeQ=="
      },
      "System.Security.Cryptography.Xml": {
        "type": "Transitive",
        "resolved": "6.0.0",
        "contentHash": "puJ4UCh9JVRwOCyCIcq71JY6Axr8Sp8E2GjTIU1Fj8hm4+oX6NEoyGFGa/+pBG8SrVxbQPSj7hvtaREyTHHsmw==",
        "dependencies": {
          "System.Security.AccessControl": "6.0.0",
          "System.Security.Cryptography.Pkcs": "6.0.0"
        }
      },
      "System.Security.Permissions": {
        "type": "Transitive",
        "resolved": "6.0.0",
        "contentHash": "T/uuc7AklkDoxmcJ7LGkyX1CcSviZuLCa4jg3PekfJ7SU0niF0IVTXwUiNVP9DSpzou2PpxJ+eNY2IfDM90ZCg==",
        "dependencies": {
          "System.Security.AccessControl": "6.0.0",
          "System.Windows.Extensions": "6.0.0"
        }
      },
      "System.Security.Principal.Windows": {
        "type": "Transitive",
        "resolved": "5.0.0",
        "contentHash": "t0MGLukB5WAVU9bO3MGzvlGnyJPgUlcwerXn1kzBRjwLKixT96XV0Uza41W49gVd8zEMFu9vQEFlv0IOrytICA=="
      },
      "System.ServiceModel.Duplex": {
        "type": "Transitive",
        "resolved": "4.9.0",
        "contentHash": "Yb8MFiJxBBtm2JnfS/5SxYzm2HqkEmHu5xeaVIHXy83sNpty9wc30JifH2xgda821D6nr1UctbwbdZqN4LBUKQ==",
        "dependencies": {
          "System.Private.ServiceModel": "4.9.0",
          "System.ServiceModel.Primitives": "4.9.0"
        }
      },
      "System.ServiceModel.Http": {
        "type": "Transitive",
        "resolved": "4.9.0",
        "contentHash": "Z+s3RkLNzJ31fDXAjqXdXp67FqsNG4V3Md3r7FOrzMkHmg61gY8faEfTFPBLxU9tax1HPWt6IHVAquXBKySJaw==",
        "dependencies": {
          "System.Private.ServiceModel": "4.9.0",
          "System.ServiceModel.Primitives": "4.9.0"
        }
      },
      "System.ServiceModel.NetTcp": {
        "type": "Transitive",
        "resolved": "4.9.0",
        "contentHash": "nXgnnkrZERUF/KwmoLwZPkc7fqgiq94DXkmUZBvDNh/LdZquDvjy2NbhJLElpApOa5x8zEoQoBZyJ2PqNC39qg==",
        "dependencies": {
          "System.Private.ServiceModel": "4.9.0",
          "System.ServiceModel.Primitives": "4.9.0"
        }
      },
      "System.ServiceModel.Primitives": {
        "type": "Transitive",
        "resolved": "4.9.0",
        "contentHash": "LTFPVdS8Nf76xg/wRZkDa+2Q+GnjTOmwkTlwuoetwX37mAfYnGkf7p8ydhpDwVmomNljpUOhUUGxfjQyd5YcOg==",
        "dependencies": {
          "System.Private.ServiceModel": "4.9.0"
        }
      },
      "System.ServiceModel.Security": {
        "type": "Transitive",
        "resolved": "4.9.0",
        "contentHash": "iurpbSmPgotHps94VQ6acvL6hU2gjiuBmQI7PwLLN76jsbSpUcahT0PglccKIAwoMujATk/LWtAapBHpwCFn2g==",
        "dependencies": {
          "System.Private.ServiceModel": "4.9.0",
          "System.ServiceModel.Primitives": "4.9.0"
        }
      },
      "System.ServiceModel.Syndication": {
        "type": "Transitive",
        "resolved": "6.0.0",
        "contentHash": "cp1mMNG87iJtE0oHXFtfWT6cfski2JNo5iU0siTPi/uN2k1CIJI6FE4jr4v3got2dzt7wBq17fSy44btun9GiA=="
      },
      "System.ServiceProcess.ServiceController": {
        "type": "Transitive",
        "resolved": "6.0.0",
        "contentHash": "qMBvG8ZFbkXoe0Z5/D7FAAadfPkH2v7vSuh2xsLf3U6jNoejpIdeV18A0htiASsLK1CCAc/p59kaLXlt2yB1gw==",
        "dependencies": {
          "System.Diagnostics.EventLog": "6.0.0"
        }
      },
      "System.Speech": {
        "type": "Transitive",
        "resolved": "6.0.0",
        "contentHash": "GQovERMrNP0Vbtgk8LzH4PlFS6lqHgsL9WkUmv8Kkxa0m0vNakitytpHZlfJ9WR7n9WKLXh68nn2kyL9mflnLg=="
      },
      "System.Text.Encoding.CodePages": {
        "type": "Transitive",
        "resolved": "6.0.0",
        "contentHash": "ZFCILZuOvtKPauZ/j/swhvw68ZRi9ATCfvGbk1QfydmcXBkIWecWKn/250UH7rahZ5OoDBaiAudJtPvLwzw85A==",
        "dependencies": {
          "System.Runtime.CompilerServices.Unsafe": "6.0.0"
        }
      },
      "System.Threading.AccessControl": {
        "type": "Transitive",
        "resolved": "6.0.0",
        "contentHash": "2258mqWesMch/xCpcnjJBgJP33yhpZLGLbEOm01qwq0efG4b+NG8c9sxYOWNxmDQ82swXrnQRl1Yp2wC1NrfZA==",
        "dependencies": {
          "System.Security.AccessControl": "6.0.0"
        }
      },
      "System.Web.Services.Description": {
        "type": "Transitive",
        "resolved": "4.9.0",
        "contentHash": "d20B3upsWddwSG5xF3eQLs0cAV3tXDsBNqP4kh02ylfgZwqfpf4f/9KiZVIGIoxULt2cKqxWs+U4AdNAJ7L8cQ=="
      },
      "System.Windows.Extensions": {
        "type": "Transitive",
        "resolved": "6.0.0",
        "contentHash": "IXoJOXIqc39AIe+CIR7koBtRGMiCt/LPM3lI+PELtDIy9XdyeSrwXFdWV9dzJ2Awl0paLWUaknLxFQ5HpHZUog==",
        "dependencies": {
          "System.Drawing.Common": "6.0.0"
        }
      }
    }
  }
}