
Microsoft Visual Studio Solution File, Format Version 12.00
# Visual Studio 15
VisualStudioVersion = 15.0.27130.2024
MinimumVisualStudioVersion = 10.0.40219.1
Project("{FAE04EC0-301F-11D3-BF4B-00C04F79EFBC}") = "CasingApp", "CasingApp\CasingApp.csproj", "{600E8C27-9AB2-48E9-AA48-2713E4B34288}"
EndProject
Global
	GlobalSection(SolutionConfigurationPlatforms) = preSolution
		Debug|Any CPU = Debug|Any CPU
		Release|Any CPU = Release|Any CPU
	EndGlobalSection
	GlobalSection(ProjectConfigurationPlatforms) = postSolution
		{600E8C27-9AB2-48E9-AA48-2713E4B34288}.Debug|Any CPU.ActiveCfg = Debug|Any CPU
		{600E8C27-9AB2-48E9-AA48-2713E4B34288}.Debug|Any CPU.Build.0 = Debug|Any CPU
		{600E8C27-9AB2-48E9-AA48-2713E4B34288}.Release|Any CPU.ActiveCfg = Release|Any CPU
		{600E8C27-9AB2-48E9-AA48-2713E4B34288}.Release|Any CPU.Build.0 = Release|Any CPU
	EndGlobalSection
	GlobalSection(SolutionProperties) = preSolution
		HideSolutionNode = FALSE
	EndGlobalSection
	GlobalSection(ExtensibilityGlobals) = postSolution
		SolutionGuid = {DA056919-D7C2-45E3-9A15-9734680BFE34}
	EndGlobalSection
EndGlobal
