{
  "version": 1,
  "dependencies": {
    "net8.0-windows7.0": {
      "altcover": {
        "type": "Direct",
        "requested": "[8.6.95, )",
        "resolved": "8.6.95",
        "contentHash": "/hjK4jymLaakUq9pih1pU8ITcVLPQD/pZh4Lga4m99y9dBH2CL4dJwgCc2kD9c6QZX2sZBT45wZmoebvUvn/pw=="
      },
      "Microsoft.NET.Test.Sdk": {
        "type": "Direct",
        "requested": "[17.6.3, )",
        "resolved": "17.6.3",
        "contentHash": "MglaNTl646dC2xpHKotSk1xscmHO5uV3x3NK057IUA9BM3Wgl16WMEb9ptGczk518JfLd1+Th5OAYwnoWgHQQQ==",
        "dependencies": {
          "Microsoft.CodeCoverage": "17.6.3",
          "Microsoft.TestPlatform.TestHost": "17.6.3"
        }
      },
      "MSTest.TestAdapter": {
        "type": "Direct",
        "requested": "[3.1.1, )",
        "resolved": "3.1.1",
        "contentHash": "kMvdO5dhrUR3o1qk0fzS0St0prlKyMQAfz1ChVAUdGGobTU5ehR60szOFto0+Q7rFG5iXMvTlVIthXM9EcNYnw=="
      },
      "MSTest.TestFramework": {
        "type": "Direct",
        "requested": "[3.1.1, )",
        "resolved": "3.1.1",
        "contentHash": "3rjkGxciNHHmPW8cl1/QVIYjOpfptjmAH5JrLBw+dnMTYDoweg3I579N7OIbar3Zd3q9dfWFrCy2LEV/AmPn3A=="
      },
      "StyleCop.Analyzers": {
        "type": "Direct",
        "requested": "[1.2.0-beta.435, )",
        "resolved": "1.2.0-beta.435",
        "contentHash": "TADk7vdGXtfTnYCV7GyleaaRTQjfoSfZXprQrVMm7cSJtJbFc1QIbWPyLvrgrfGdfHbGmUPvaN4ODKNxg2jgPQ==",
        "dependencies": {
          "StyleCop.Analyzers.Unstable": "1.2.0.435"
        }
      },
      "Castle.Core": {
        "type": "Transitive",
        "resolved": "5.1.1",
        "contentHash": "rpYtIczkzGpf+EkZgDr9CClTdemhsrwA/W5hMoPjLkRFnXzH44zDLoovXeKtmxb1ykXK9aJVODSpiJml8CTw2g==",
        "dependencies": {
          "System.Diagnostics.EventLog": "6.0.0"
        }
      },
      "FluentAssertions": {
        "type": "Transitive",
        "resolved": "6.12.0",
        "contentHash": "ZXhHT2YwP9lajrwSKbLlFqsmCCvFJMoRSK9t7sImfnCyd0OB3MhgxdoMcVqxbq1iyxD6mD2fiackWmBb7ayiXQ==",
        "dependencies": {
          "System.Configuration.ConfigurationManager": "4.4.0"
        }
      },
      "Google.Protobuf": {
        "type": "Transitive",
        "resolved": "3.6.1",
        "contentHash": "741fGeDQjixBJaU2j+0CbrmZXsNJkTn/hWbOh4fLVXndHsCclJmWznCPWrJmPoZKvajBvAz3e8ECJOUvRtwjNQ==",
        "dependencies": {
          "NETStandard.Library": "1.6.1"
        }
      },
      "Google.Protobuf.Tools": {
        "type": "Transitive",
        "resolved": "3.6.1",
        "contentHash": "mNgfZ1A7UtbZUOIA8+UcKOouKnbd2tu9CKctCvGXFunZGrViWk6QbNwSBc268Sle9Gwl+WQB+u6qQezp5f9y3w=="
      },
      "Humanizer.Core": {
        "type": "Transitive",
        "resolved": "2.14.1",
        "contentHash": "lQKvtaTDOXnoVJ20ibTuSIOf2i0uO0MPbDhd1jm238I+U/2ZnRENj0cktKZhtchBMtCUSRQ5v4xBCUbKNmyVMw=="
      },
      "Microsoft.Bcl.AsyncInterfaces": {
        "type": "Transitive",
        "resolved": "7.0.0",
        "contentHash": "3aeMZ1N0lJoSyzqiP03hqemtb1BijhsJADdobn/4nsMJ8V1H+CrpuduUe4hlRdx+ikBQju1VGjMD1GJ3Sk05Eg=="
      },
      "Microsoft.Build.Framework": {
        "type": "Transitive",
        "resolved": "16.10.0",
        "contentHash": "uD2GUw3AYlFSpU42c/80DouuJL6w1Kb06q4FEjQhW/9wjhBwukgx13T5MPIpSvQ8ssahKINanHfMUL89EVQHgQ==",
        "dependencies": {
          "System.Security.Permissions": "4.7.0"
        }
      },
      "Microsoft.Build.Locator": {
        "type": "Transitive",
        "resolved": "1.5.5",
        "contentHash": "ZuXb72Shd0kiNyVx+R9x8b51cvIdtZRt6V5O5jbtl7+p6j+q9wNgU69qGp1Rmtq9/yPyqvd39tW4xQJvb/LLSA=="
      },
      "Microsoft.CodeAnalysis.Analyzers": {
        "type": "Transitive",
        "resolved": "3.3.4",
        "contentHash": "AxkxcPR+rheX0SmvpLVIGLhOUXAKG56a64kV9VQZ4y9gR9ZmPXnqZvHJnmwLSwzrEP6junUF11vuc+aqo5r68g=="
      },
      "Microsoft.CodeAnalysis.Common": {
        "type": "Transitive",
        "resolved": "4.8.0-2.final",
        "contentHash": "sH+5d3H18D8W13Kgusib4usJRWnDcZoJ3nU7MiIlytg7uiLA8DlAQKWEk+x8h8SJOD7CSeqqL9/D6c6ShqidLg==",
        "dependencies": {
          "Microsoft.CodeAnalysis.Analyzers": "3.3.4",
          "System.Collections.Immutable": "7.0.0",
          "System.Reflection.Metadata": "7.0.0",
          "System.Runtime.CompilerServices.Unsafe": "6.0.0"
        }
      },
      "Microsoft.CodeAnalysis.CSharp": {
        "type": "Transitive",
        "resolved": "4.8.0-2.final",
        "contentHash": "2HS51hRSY7NbyiQAOW/0WQArfqkUhVWqmN+Z/KEeqnm+6fk46HmYesvN/BS5RKa1KswcjYYK92xdne+WdhebiQ==",
        "dependencies": {
          "Microsoft.CodeAnalysis.Common": "[4.8.0-2.final]"
        }
      },
      "Microsoft.CodeAnalysis.CSharp.Workspaces": {
        "type": "Transitive",
        "resolved": "4.8.0-2.final",
        "contentHash": "6VTrdbD8uJ01Y0U5YCHhp5PJxnStW9gdn5Qu9UFaHU6J1TyXmBxv5k257ZYrLi2LXHCQ8xNiSdaQW1UL9sUSrA==",
        "dependencies": {
          "Humanizer.Core": "2.14.1",
          "Microsoft.CodeAnalysis.CSharp": "[4.8.0-2.final]",
          "Microsoft.CodeAnalysis.Common": "[4.8.0-2.final]",
          "Microsoft.CodeAnalysis.Workspaces.Common": "[4.8.0-2.final]"
        }
      },
      "Microsoft.CodeAnalysis.VisualBasic": {
        "type": "Transitive",
        "resolved": "4.8.0-2.final",
        "contentHash": "jZxZWXtUYKg8Pz6AvvbKXleCbBnBt1civwOZhj21edZxAH9pNLDoosK+pg/fVXKuISOzCRpbw3KfOTxXTO3VHQ==",
        "dependencies": {
          "Microsoft.CodeAnalysis.Common": "[4.8.0-2.final]"
        }
      },
      "Microsoft.CodeAnalysis.VisualBasic.Workspaces": {
        "type": "Transitive",
        "resolved": "4.8.0-2.final",
        "contentHash": "tkKcZD/hVrPHoDXJl4ru8NYH88pdMXBstuzv6BGmYpGOiXeevT8eqvJRO2EpCAlMeHElsr/uZwW+bni/wITZ9g==",
        "dependencies": {
          "Microsoft.CodeAnalysis.Common": "[4.8.0-2.final]",
          "Microsoft.CodeAnalysis.VisualBasic": "[4.8.0-2.final]",
          "Microsoft.CodeAnalysis.Workspaces.Common": "[4.8.0-2.final]"
        }
      },
      "Microsoft.CodeAnalysis.Workspaces.Common": {
        "type": "Transitive",
        "resolved": "4.8.0-2.final",
        "contentHash": "1ptN6/nDnlYK+jvXTkyb0OSkPQYSMnbTbGAe2+HKqFU6/TdgR2Nu3yMVnn2uSo6EIhS1mElz+8weI6G00VUmQQ==",
        "dependencies": {
          "Humanizer.Core": "2.14.1",
          "Microsoft.Bcl.AsyncInterfaces": "7.0.0",
          "Microsoft.CodeAnalysis.Common": "[4.8.0-2.final]",
          "System.Composition": "7.0.0",
          "System.IO.Pipelines": "7.0.0",
          "System.Threading.Channels": "7.0.0"
        }
      },
      "Microsoft.CodeAnalysis.Workspaces.MSBuild": {
        "type": "Transitive",
        "resolved": "4.8.0-2.final",
        "contentHash": "AhFFM7BCa4Y75IEXTW8wXP4GX+9hXzV20yDqR1KuNTsvsJGSM47OwZmQWZBcIrVDLUSVhmpdj7A/tOdkFu9R+g==",
        "dependencies": {
          "Microsoft.Build.Framework": "16.10.0",
          "Microsoft.CodeAnalysis.Common": "[4.8.0-2.final]",
          "Microsoft.CodeAnalysis.Workspaces.Common": "[4.8.0-2.final]",
          "System.Text.Json": "7.0.3"
        }
      },
      "Microsoft.CodeCoverage": {
        "type": "Transitive",
        "resolved": "17.6.3",
        "contentHash": "Gorg6F1dOxlI28yHYKhbQ3pOOfHeW6sUfsmwFQFaIV+xttUAZ+l8KarHIfsR+rBAnjY9VH71BXvPXBuObCkXsw=="
      },
      "Microsoft.Composition": {
        "type": "Transitive",
        "resolved": "1.0.27",
        "contentHash": "pwu80Ohe7SBzZ6i69LVdzowp6V+LaVRzd5F7A6QlD42vQkX0oT7KXKWWPlM/S00w1gnMQMRnEdbtOV12z6rXdQ=="
      },
      "Microsoft.NETCore.Platforms": {
        "type": "Transitive",
        "resolved": "3.1.0",
        "contentHash": "z7aeg8oHln2CuNulfhiLYxCVMPEwBl3rzicjvIX+4sUuCwvXw5oXQEtbiU2c0z4qYL5L3Kmx0mMA/+t/SbY67w=="
      },
      "Microsoft.TestPlatform.ObjectModel": {
        "type": "Transitive",
        "resolved": "17.6.3",
        "contentHash": "gSqtX3RvcFisaLPs6sKXdZkSwUix83NQ9nOU/w6pYrHTl+d8GsVHSL9rvDNxMgoV5BNOdyU7zK7JOfbSaVMDWQ==",
        "dependencies": {
          "NuGet.Frameworks": "6.5.0",
          "System.Reflection.Metadata": "1.6.0"
        }
      },
      "Microsoft.TestPlatform.TestHost": {
        "type": "Transitive",
        "resolved": "17.6.3",
        "contentHash": "lrgRXKFfIZSPlhuoQGLtciO/osL+4oADYEYb0d5or7n7YyJATIWespq3lRgz2IQpRh6N7cm0DnCOWeZiCRGzxA==",
        "dependencies": {
          "Microsoft.TestPlatform.ObjectModel": "17.6.3",
          "Newtonsoft.Json": "13.0.1"
        }
      },
      "Microsoft.Win32.SystemEvents": {
        "type": "Transitive",
        "resolved": "4.7.0",
        "contentHash": "mtVirZr++rq+XCDITMUdnETD59XoeMxSpLRIII7JRI6Yj0LEDiO1pPn0ktlnIj12Ix8bfvQqQDMMIF9wC98oCA==",
        "dependencies": {
          "Microsoft.NETCore.Platforms": "3.1.0"
        }
      },
      "Moq": {
        "type": "Transitive",
        "resolved": "4.18.4",
        "contentHash": "IOo+W51+7Afnb0noltJrKxPBSfsgMzTKCw+Re5AMx8l/vBbAbMDOynLik4+lBYIWDJSO0uV7Zdqt7cNb6RZZ+A==",
        "dependencies": {
          "Castle.Core": "5.1.1"
        }
      },
      "Newtonsoft.Json": {
        "type": "Transitive",
        "resolved": "13.0.3",
        "contentHash": "HrC5BXdl00IP9zeV+0Z848QWPAoCr9P3bDEZguI+gkLcBKAOxix/tLEAAHC+UvDNPv4a2d18lOReHMOagPa+zQ=="
      },
      "NuGet.Common": {
        "type": "Transitive",
        "resolved": "6.8.0",
        "contentHash": "voNZyM5L5s0CCDPU//vXKQke0M8y6kGvG+0Ll6gc/xV7Jh1C3/5OhHRzvekxBS6a9DO/lsFhTZtyCkL6n9lHEw==",
        "dependencies": {
          "NuGet.Frameworks": "6.8.0"
        }
      },
      "NuGet.Configuration": {
        "type": "Transitive",
        "resolved": "6.8.0",
        "contentHash": "FFEoY1L9G+C74HfSYt6epHTIuS5xJ8D+d9LZ5nnqhujMoBlQgHphaCTfRlul+e/bNIkAp1fDObzsGlPmu3CKAg==",
        "dependencies": {
          "NuGet.Common": "6.8.0",
          "System.Security.Cryptography.ProtectedData": "4.4.0"
        }
      },
      "NuGet.Frameworks": {
        "type": "Transitive",
        "resolved": "6.8.0",
        "contentHash": "cN9NyahKgYYScioH4CKn+TYj1eSODxd0RECFnQt6ZmzT6z7PfXlbYpVzbiPsxNgY23iNDMOVkSmOqNZyYxNlQA=="
      },
      "NuGet.Packaging": {
        "type": "Transitive",
        "resolved": "6.8.0",
        "contentHash": "lyDnMCAWtoHNsNKGexIl6yHtyxuvn2j3rpKMrYYf86KwTV+JVY9eFIixNdwEPjBXBzWHQGpDKj9Im8v02t9AQQ==",
        "dependencies": {
          "Newtonsoft.Json": "13.0.3",
          "NuGet.Configuration": "6.8.0",
          "NuGet.Versioning": "6.8.0",
          "System.Security.Cryptography.Pkcs": "6.0.4"
        }
      },
      "NuGet.Protocol": {
        "type": "Transitive",
        "resolved": "6.8.0",
        "contentHash": "Nfvij7QlEevDbuRCXkhCrHk1oJN+mYkmeVzNvS9hxNTmwdtHqB+zhUIMFBlbye3MUicgc4bbtLAwoF+EKjUvcg==",
        "dependencies": {
          "NuGet.Packaging": "6.8.0"
        }
      },
      "NuGet.Versioning": {
        "type": "Transitive",
        "resolved": "6.8.0",
        "contentHash": "WBu15cdv1lqKkPKXDQOEmEzwKemwrczKYlc2jtuZgRYiZ8TG8F4QzPYiE0Q9eVIpMSk8Aky7mUephf19HjBPOw=="
      },
      "StyleCop.Analyzers.Unstable": {
        "type": "Transitive",
        "resolved": "1.2.0.435",
        "contentHash": "ouwPWZxbOV3SmCZxIRqHvljkSzkCyi1tDoMzQtDb/bRP8ctASV/iRJr+A2Gdj0QLaLmWnqTWDrH82/iP+X80Lg=="
      },
      "System.Collections.Immutable": {
        "type": "Transitive",
        "resolved": "7.0.0",
        "contentHash": "dQPcs0U1IKnBdRDBkrCTi1FoajSTBzLcVTpjO4MBCMC7f4pDOIPzgBoX8JjG7X6uZRJ8EBxsi8+DR1JuwjnzOQ=="
      },
      "System.Composition": {
        "type": "Transitive",
        "resolved": "7.0.0",
        "contentHash": "tRwgcAkDd85O8Aq6zHDANzQaq380cek9lbMg5Qma46u5BZXq/G+XvIYmu+UI+BIIZ9zssXLYrkTykEqxxvhcmg==",
        "dependencies": {
          "System.Composition.AttributedModel": "7.0.0",
          "System.Composition.Convention": "7.0.0",
          "System.Composition.Hosting": "7.0.0",
          "System.Composition.Runtime": "7.0.0",
          "System.Composition.TypedParts": "7.0.0"
        }
      },
      "System.Composition.AttributedModel": {
        "type": "Transitive",
        "resolved": "7.0.0",
        "contentHash": "2QzClqjElKxgI1jK1Jztnq44/8DmSuTSGGahXqQ4TdEV0h9s2KikQZIgcEqVzR7OuWDFPGLHIprBJGQEPr8fAQ=="
      },
      "System.Composition.Convention": {
        "type": "Transitive",
        "resolved": "7.0.0",
        "contentHash": "IMhTlpCs4HmlD8B+J8/kWfwX7vrBBOs6xyjSTzBlYSs7W4OET4tlkR/Sg9NG8jkdJH9Mymq0qGdYS1VPqRTBnQ==",
        "dependencies": {
          "System.Composition.AttributedModel": "7.0.0"
        }
      },
      "System.Composition.Hosting": {
        "type": "Transitive",
        "resolved": "7.0.0",
        "contentHash": "eB6gwN9S+54jCTBJ5bpwMOVerKeUfGGTYCzz3QgDr1P55Gg/Wb27ShfPIhLMjmZ3MoAKu8uUSv6fcCdYJTN7Bg==",
        "dependencies": {
          "System.Composition.Runtime": "7.0.0"
        }
      },
      "System.Composition.Runtime": {
        "type": "Transitive",
        "resolved": "7.0.0",
        "contentHash": "aZJ1Zr5Txe925rbo4742XifEyW0MIni1eiUebmcrP3HwLXZ3IbXUj4MFMUH/RmnJOAQiS401leg/2Sz1MkApDw=="
      },
      "System.Composition.TypedParts": {
        "type": "Transitive",
        "resolved": "7.0.0",
        "contentHash": "ZK0KNPfbtxVceTwh+oHNGUOYV2WNOHReX2AXipuvkURC7s/jPwoWfsu3SnDBDgofqbiWr96geofdQ2erm/KTHg==",
        "dependencies": {
          "System.Composition.AttributedModel": "7.0.0",
          "System.Composition.Hosting": "7.0.0",
          "System.Composition.Runtime": "7.0.0"
        }
      },
      "System.Configuration.ConfigurationManager": {
        "type": "Transitive",
        "resolved": "4.4.0",
        "contentHash": "gWwQv/Ug1qWJmHCmN17nAbxJYmQBM/E94QxKLksvUiiKB1Ld3Sc/eK1lgmbSjDFxkQhVuayI/cGFZhpBSodLrg==",
        "dependencies": {
          "System.Security.Cryptography.ProtectedData": "4.4.0"
        }
      },
      "System.Diagnostics.EventLog": {
        "type": "Transitive",
        "resolved": "6.0.0",
        "contentHash": "lcyUiXTsETK2ALsZrX+nWuHSIQeazhqPphLfaRxzdGaG93+0kELqpgEHtwWOlQe7+jSFnKwaCAgL4kjeZCQJnw=="
      },
      "System.Drawing.Common": {
        "type": "Transitive",
        "resolved": "4.7.0",
        "contentHash": "v+XbyYHaZjDfn0ENmJEV1VYLgGgCTx1gnfOBcppowbpOAriglYgGCvFCPr2EEZyBvXlpxbEsTwkOlInl107ahA==",
        "dependencies": {
          "Microsoft.NETCore.Platforms": "3.1.0",
          "Microsoft.Win32.SystemEvents": "4.7.0"
        }
      },
      "System.Formats.Asn1": {
        "type": "Transitive",
        "resolved": "6.0.0",
        "contentHash": "T6fD00dQ3NTbPDy31m4eQUwKW84s03z0N2C8HpOklyeaDgaJPa/TexP4/SkORMSOwc7WhKifnA6Ya33AkzmafA=="
      },
      "System.IO.Pipelines": {
        "type": "Transitive",
        "resolved": "7.0.0",
        "contentHash": "jRn6JYnNPW6xgQazROBLSfpdoczRw694vO5kKvMcNnpXuolEixUyw6IBuBs2Y2mlSX/LdLvyyWmfXhaI3ND1Yg=="
      },
      "System.Reflection.Metadata": {
        "type": "Transitive",
        "resolved": "7.0.0",
        "contentHash": "MclTG61lsD9sYdpNz9xsKBzjsmsfCtcMZYXz/IUr2zlhaTaABonlr1ESeompTgM+Xk+IwtGYU7/voh3YWB/fWw==",
        "dependencies": {
          "System.Collections.Immutable": "7.0.0"
        }
      },
      "System.Runtime.CompilerServices.Unsafe": {
        "type": "Transitive",
        "resolved": "6.0.0",
        "contentHash": "/iUeP3tq1S0XdNNoMz5C9twLSrM/TH+qElHkXWaPvuNOt+99G75NrV0OS2EqHx5wMN7popYjpc8oTjC1y16DLg=="
      },
      "System.Security.AccessControl": {
        "type": "Transitive",
        "resolved": "4.7.0",
        "contentHash": "JECvTt5aFF3WT3gHpfofL2MNNP6v84sxtXxpqhLBCcDRzqsPBmHhQ6shv4DwwN2tRlzsUxtb3G9M3763rbXKDg==",
        "dependencies": {
          "Microsoft.NETCore.Platforms": "3.1.0",
          "System.Security.Principal.Windows": "4.7.0"
        }
      },
      "System.Security.Cryptography.Pkcs": {
        "type": "Transitive",
        "resolved": "6.0.4",
        "contentHash": "LGbXi1oUJ9QgCNGXRO9ndzBL/GZgANcsURpMhNR8uO+rca47SZmciS3RSQUvlQRwK3QHZSHNOXzoMUASKA+Anw==",
        "dependencies": {
          "System.Formats.Asn1": "6.0.0"
        }
      },
      "System.Security.Cryptography.ProtectedData": {
        "type": "Transitive",
        "resolved": "4.4.0",
        "contentHash": "cJV7ScGW7EhatRsjehfvvYVBvtiSMKgN8bOVI0bQhnF5bU7vnHVIsH49Kva7i7GWaWYvmEzkYVk1TC+gZYBEog=="
      },
      "System.Security.Permissions": {
        "type": "Transitive",
        "resolved": "4.7.0",
        "contentHash": "dkOV6YYVBnYRa15/yv004eCGRBVADXw8qRbbNiCn/XpdJSUXkkUeIvdvFHkvnko4CdKMqG8yRHC4ox83LSlMsQ==",
        "dependencies": {
          "System.Security.AccessControl": "4.7.0",
          "System.Windows.Extensions": "4.7.0"
        }
      },
      "System.Security.Principal.Windows": {
        "type": "Transitive",
        "resolved": "4.7.0",
        "contentHash": "ojD0PX0XhneCsUbAZVKdb7h/70vyYMDYs85lwEI+LngEONe/17A0cFaRFqZU+sOEidcVswYWikYOQ9PPfjlbtQ=="
      },
      "System.Text.Encodings.Web": {
        "type": "Transitive",
        "resolved": "7.0.0",
        "contentHash": "OP6umVGxc0Z0MvZQBVigj4/U31Pw72ITihDWP9WiWDm+q5aoe0GaJivsfYGq53o6dxH7DcXWiCTl7+0o2CGdmg=="
      },
      "System.Text.Json": {
        "type": "Transitive",
        "resolved": "7.0.3",
        "contentHash": "AyjhwXN1zTFeIibHimfJn6eAsZ7rTBib79JQpzg8WAuR/HKDu9JGNHTuu3nbbXQ/bgI+U4z6HtZmCHNXB1QXrQ==",
        "dependencies": {
          "System.Text.Encodings.Web": "7.0.0"
        }
      },
      "System.Threading.Channels": {
        "type": "Transitive",
        "resolved": "7.0.0",
        "contentHash": "qmeeYNROMsONF6ndEZcIQ+VxR4Q/TX/7uIVLJqtwIWL7dDWeh0l1UIqgo4wYyjG//5lUNhwkLDSFl+pAWO6oiA=="
      },
      "System.Windows.Extensions": {
        "type": "Transitive",
        "resolved": "4.7.0",
        "contentHash": "CeWTdRNfRaSh0pm2gDTJFwVaXfTq6Xwv/sA887iwPTneW7oMtMlpvDIO+U60+3GWTB7Aom6oQwv5VZVUhQRdPQ==",
        "dependencies": {
          "System.Drawing.Common": "4.7.0"
        }
      },
      "SonarAnalyzer": {
        "type": "Project",
        "dependencies": {
          "Google.Protobuf": "[3.6.1, )",
          "Google.Protobuf.Tools": "[3.6.1, )",
          "Microsoft.CodeAnalysis.Workspaces.Common": "[1.3.2, )",
          "Microsoft.Composition": "[1.0.27, )",
          "SonarAnalyzer.CFG": "[1.0.0, )",
          "System.Collections.Immutable": "[1.1.37, )"
        }
      },
      "sonaranalyzer.cfg": {
        "type": "Project",
        "dependencies": {
          "Microsoft.CodeAnalysis.CSharp.Workspaces": "[1.3.2, )",
          "Microsoft.Composition": "[1.0.27, )",
          "System.Collections.Immutable": "[1.1.37, )"
        }
      },
      "sonaranalyzer.csharp": {
        "type": "Project",
        "dependencies": {
          "Microsoft.CodeAnalysis.CSharp.Workspaces": "[1.3.2, )",
          "SonarAnalyzer": "[1.0.0, )",
          "System.Collections.Immutable": "[1.1.37, )"
        }
      },
      "sonaranalyzer.unittest": {
        "type": "Project",
        "dependencies": {
          "FluentAssertions": "[6.12.0, )",
          "MSTest.TestAdapter": "[3.1.1, )",
          "MSTest.TestFramework": "[3.1.1, )",
          "Microsoft.Build.Locator": "[1.5.5, )",
          "Microsoft.CodeAnalysis.CSharp.Workspaces": "[4.8.0-2.final, )",
          "Microsoft.CodeAnalysis.VisualBasic.Workspaces": "[4.8.0-2.final, )",
          "Microsoft.CodeAnalysis.Workspaces.Common": "[4.8.0-2.final, )",
          "Microsoft.CodeAnalysis.Workspaces.MSBuild": "[4.8.0-2.final, )",
          "Microsoft.Composition": "[1.0.27, )",
          "Microsoft.NET.Test.Sdk": "[17.6.3, )",
          "Moq": "[4.18.4, )",
          "NuGet.Protocol": "[6.8.0, )",
          "SonarAnalyzer": "[1.0.0, )",
          "SonarAnalyzer.CFG": "[1.0.0, )",
          "SonarAnalyzer.CSharp": "[1.0.0, )",
          "SonarAnalyzer.VisualBasic": "[1.0.0, )",
          "altcover": "[8.6.95, )"
        }
      },
      "sonaranalyzer.visualbasic": {
        "type": "Project",
        "dependencies": {
          "Microsoft.CodeAnalysis.VisualBasic.Workspaces": "[1.3.2, )",
          "SonarAnalyzer": "[1.0.0, )",
          "System.Collections.Immutable": "[1.1.37, )"
        }
      }
    }
  }
}