
Microsoft Visual Studio Solution File, Format Version 12.00
# Visual Studio 14
VisualStudioVersion = 14.0.22310.1
MinimumVisualStudioVersion = 10.0.40219.1
Project("{FAE04EC0-301F-11D3-BF4B-00C04F79EFBC}") = "NSonarQubeAnalyzer", "NSonarQubeAnalyzer\NSonarQubeAnalyzer.csproj", "{79F0B359-8275-4F3B-B919-82C493B74665}"
EndProject
Project("{FAE04EC0-301F-11D3-BF4B-00C04F79EFBC}") = "Tests", "Tests\Tests.csproj", "{4AC7D054-B645-46D7-9671-D666BCE0C745}"
EndProject
Project("{FAE04EC0-301F-11D3-BF4B-00C04F79EFBC}") = "NSonarQubeDiagnostics", "NSonarQubeDiagnostics\NSonarQubeDiagnostics.csproj", "{FD53CA43-433A-40BF-99D2-0356A29C12C5}"
EndProject
Global
	GlobalSection(SolutionConfigurationPlatforms) = preSolution
		Debug|Any CPU = Debug|Any CPU
		Debug|AnyCPU = Debug|AnyCPU
		Debug|Mixed Platforms = Debug|Mixed Platforms
		Release|Any CPU = Release|Any CPU
		Release|AnyCPU = Release|AnyCPU
		Release|Mixed Platforms = Release|Mixed Platforms
	EndGlobalSection
	GlobalSection(ProjectConfigurationPlatforms) = postSolution
		{79F0B359-8275-4F3B-B919-82C493B74665}.Debug|Any CPU.ActiveCfg = Debug|Any CPU
		{79F0B359-8275-4F3B-B919-82C493B74665}.Debug|Any CPU.Build.0 = Debug|Any CPU
		{79F0B359-8275-4F3B-B919-82C493B74665}.Debug|AnyCPU.ActiveCfg = Debug|Any CPU
		{79F0B359-8275-4F3B-B919-82C493B74665}.Debug|AnyCPU.Build.0 = Debug|Any CPU
		{79F0B359-8275-4F3B-B919-82C493B74665}.Debug|Mixed Platforms.ActiveCfg = Debug|Any CPU
		{79F0B359-8275-4F3B-B919-82C493B74665}.Debug|Mixed Platforms.Build.0 = Debug|Any CPU
		{79F0B359-8275-4F3B-B919-82C493B74665}.Release|Any CPU.ActiveCfg = Release|Any CPU
		{79F0B359-8275-4F3B-B919-82C493B74665}.Release|Any CPU.Build.0 = Release|Any CPU
		{79F0B359-8275-4F3B-B919-82C493B74665}.Release|AnyCPU.ActiveCfg = Release|Any CPU
		{79F0B359-8275-4F3B-B919-82C493B74665}.Release|AnyCPU.Build.0 = Release|Any CPU
		{79F0B359-8275-4F3B-B919-82C493B74665}.Release|Mixed Platforms.ActiveCfg = Release|Any CPU
		{79F0B359-8275-4F3B-B919-82C493B74665}.Release|Mixed Platforms.Build.0 = Release|Any CPU
		{4AC7D054-B645-46D7-9671-D666BCE0C745}.Debug|Any CPU.ActiveCfg = Debug|Any CPU
		{4AC7D054-B645-46D7-9671-D666BCE0C745}.Debug|Any CPU.Build.0 = Debug|Any CPU
		{4AC7D054-B645-46D7-9671-D666BCE0C745}.Debug|AnyCPU.ActiveCfg = Debug|Any CPU
		{4AC7D054-B645-46D7-9671-D666BCE0C745}.Debug|Mixed Platforms.ActiveCfg = Debug|Any CPU
		{4AC7D054-B645-46D7-9671-D666BCE0C745}.Debug|Mixed Platforms.Build.0 = Debug|Any CPU
		{4AC7D054-B645-46D7-9671-D666BCE0C745}.Release|Any CPU.ActiveCfg = Release|Any CPU
		{4AC7D054-B645-46D7-9671-D666BCE0C745}.Release|Any CPU.Build.0 = Release|Any CPU
		{4AC7D054-B645-46D7-9671-D666BCE0C745}.Release|AnyCPU.ActiveCfg = Release|Any CPU
		{4AC7D054-B645-46D7-9671-D666BCE0C745}.Release|Mixed Platforms.ActiveCfg = Release|Any CPU
		{4AC7D054-B645-46D7-9671-D666BCE0C745}.Release|Mixed Platforms.Build.0 = Release|Any CPU
		{FD53CA43-433A-40BF-99D2-0356A29C12C5}.Debug|Any CPU.ActiveCfg = Debug|Any CPU
		{FD53CA43-433A-40BF-99D2-0356A29C12C5}.Debug|Any CPU.Build.0 = Debug|Any CPU
		{FD53CA43-433A-40BF-99D2-0356A29C12C5}.Debug|AnyCPU.ActiveCfg = Debug|Any CPU
		{FD53CA43-433A-40BF-99D2-0356A29C12C5}.Debug|AnyCPU.Build.0 = Debug|Any CPU
		{FD53CA43-433A-40BF-99D2-0356A29C12C5}.Debug|Mixed Platforms.ActiveCfg = Debug|Any CPU
		{FD53CA43-433A-40BF-99D2-0356A29C12C5}.Debug|Mixed Platforms.Build.0 = Debug|Any CPU
		{FD53CA43-433A-40BF-99D2-0356A29C12C5}.Release|Any CPU.ActiveCfg = Release|Any CPU
		{FD53CA43-433A-40BF-99D2-0356A29C12C5}.Release|Any CPU.Build.0 = Release|Any CPU
		{FD53CA43-433A-40BF-99D2-0356A29C12C5}.Release|AnyCPU.ActiveCfg = Release|Any CPU
		{FD53CA43-433A-40BF-99D2-0356A29C12C5}.Release|AnyCPU.Build.0 = Release|Any CPU
		{FD53CA43-433A-40BF-99D2-0356A29C12C5}.Release|Mixed Platforms.ActiveCfg = Release|Any CPU
		{FD53CA43-433A-40BF-99D2-0356A29C12C5}.Release|Mixed Platforms.Build.0 = Release|Any CPU
	EndGlobalSection
	GlobalSection(SolutionProperties) = preSolution
		HideSolutionNode = FALSE
	EndGlobalSection
EndGlobal
