
Microsoft Visual Studio Solution File, Format Version 12.00
# Visual Studio 14
VisualStudioVersion = 14.0.22310.1
MinimumVisualStudioVersion = 10.0.40219.1
Project("{FAE04EC0-301F-11D3-BF4B-00C04F79EFBC}") = "NSonarQubeAnalyzer", "NSonarQubeAnalyzer\NSonarQubeAnalyzer.csproj", "{79F0B359-8275-4F3B-B919-82C493B74665}"
EndProject
Project("{FAE04EC0-301F-11D3-BF4B-00C04F79EFBC}") = "Tests", "Tests\Tests.csproj", "{4AC7D054-B645-46D7-9671-D666BCE0C745}"
EndProject
Project("{FAE04EC0-301F-11D3-BF4B-00C04F79EFBC}") = "NSonarQubeDiagnostics", "NSonarQubeDiagnostics\NSonarQubeDiagnostics\NSonarQubeDiagnostics.csproj", "{D37599D1-A496-4093-9EC2-C286CCC378D9}"
EndProject
Project("{FAE04EC0-301F-11D3-BF4B-00C04F79EFBC}") = "NSonarQubeDiagnostics.Vsix", "NSonarQubeDiagnostics\NSonarQubeDiagnostics.Vsix\NSonarQubeDiagnostics.Vsix.csproj", "{9EC275D7-AB09-45FE-A8AF-6B739E1124EE}"
EndProject
Global
	GlobalSection(SolutionConfigurationPlatforms) = preSolution
		Debug|Any CPU = Debug|Any CPU
		Release|Any CPU = Release|Any CPU
	EndGlobalSection
	GlobalSection(ProjectConfigurationPlatforms) = postSolution
		{79F0B359-8275-4F3B-B919-82C493B74665}.Debug|Any CPU.ActiveCfg = Debug|Any CPU
		{79F0B359-8275-4F3B-B919-82C493B74665}.Debug|Any CPU.Build.0 = Debug|Any CPU
		{79F0B359-8275-4F3B-B919-82C493B74665}.Release|Any CPU.ActiveCfg = Release|Any CPU
		{79F0B359-8275-4F3B-B919-82C493B74665}.Release|Any CPU.Build.0 = Release|Any CPU
		{4AC7D054-B645-46D7-9671-D666BCE0C745}.Debug|Any CPU.ActiveCfg = Debug|Any CPU
		{4AC7D054-B645-46D7-9671-D666BCE0C745}.Debug|Any CPU.Build.0 = Debug|Any CPU
		{4AC7D054-B645-46D7-9671-D666BCE0C745}.Release|Any CPU.ActiveCfg = Release|Any CPU
		{4AC7D054-B645-46D7-9671-D666BCE0C745}.Release|Any CPU.Build.0 = Release|Any CPU
		{D37599D1-A496-4093-9EC2-C286CCC378D9}.Debug|Any CPU.ActiveCfg = Debug|Any CPU
		{D37599D1-A496-4093-9EC2-C286CCC378D9}.Debug|Any CPU.Build.0 = Debug|Any CPU
		{D37599D1-A496-4093-9EC2-C286CCC378D9}.Release|Any CPU.ActiveCfg = Release|Any CPU
		{D37599D1-A496-4093-9EC2-C286CCC378D9}.Release|Any CPU.Build.0 = Release|Any CPU
		{9EC275D7-AB09-45FE-A8AF-6B739E1124EE}.Debug|Any CPU.ActiveCfg = Debug|Any CPU
		{9EC275D7-AB09-45FE-A8AF-6B739E1124EE}.Debug|Any CPU.Build.0 = Debug|Any CPU
		{9EC275D7-AB09-45FE-A8AF-6B739E1124EE}.Release|Any CPU.ActiveCfg = Release|Any CPU
		{9EC275D7-AB09-45FE-A8AF-6B739E1124EE}.Release|Any CPU.Build.0 = Release|Any CPU
	EndGlobalSection
	GlobalSection(SolutionProperties) = preSolution
		HideSolutionNode = FALSE
	EndGlobalSection
EndGlobal
