
Microsoft Visual Studio Solution File, Format Version 12.00
# Visual Studio Version 16
VisualStudioVersion = 16.0.31005.135
MinimumVisualStudioVersion = 10.0.40219.1
Project("{FAE04EC0-301F-11D3-BF4B-00C04F79EFBC}") = "NetCore31WithConfigurableRules", "NetCore31WithConfigurableRules.csproj", "{D3429A0F-DB5C-49AA-8063-F8357F3074EA}"
EndProject
Global
	GlobalSection(SolutionConfigurationPlatforms) = preSolution
		Debug|Any CPU = Debug|Any CPU
		Release|Any CPU = Release|Any CPU
	EndGlobalSection
	GlobalSection(ProjectConfigurationPlatforms) = postSolution
		{D3429A0F-DB5C-49AA-8063-F8357F3074EA}.Debug|Any CPU.ActiveCfg = Debug|Any CPU
		{D3429A0F-DB5C-49AA-8063-F8357F3074EA}.Debug|Any CPU.Build.0 = Debug|Any CPU
		{D3429A0F-DB5C-49AA-8063-F8357F3074EA}.Release|Any CPU.ActiveCfg = Release|Any CPU
		{D3429A0F-DB5C-49AA-8063-F8357F3074EA}.Release|Any CPU.Build.0 = Release|Any CPU
	EndGlobalSection
	GlobalSection(SolutionProperties) = preSolution
		HideSolutionNode = FALSE
	EndGlobalSection
	GlobalSection(ExtensibilityGlobals) = postSolution
		SolutionGuid = {8B97B691-F736-4C76-B26C-53CEE86720EE}
	EndGlobalSection
EndGlobal
