{
  "version": 1,
  "dependencies": {
    ".NETFramework,Version=v4.6": {
      "StyleCop.Analyzers": {
        "type": "Direct",
        "requested": "[1.1.118, )",
        "resolved": "1.1.118",
        "contentHash": "Onx6ovGSqXSK07n/0eM3ZusiNdB6cIlJdabQhWGgJp3Vooy9AaLS/tigeybOJAobqbtggTamoWndz72JscZBvw=="
      },
      "cbdearguments": {
        "type": "Project"
      }
    },
    ".NETFramework,Version=v4.6/win": {},
    ".NETFramework,Version=v4.6/win-x64": {},
    ".NETFramework,Version=v4.6/win-x86": {}
  }
}