
Microsoft Visual Studio Solution File, Format Version 12.00
# Visual Studio 14
VisualStudioVersion = 14.0.25420.1
MinimumVisualStudioVersion = 10.0.40219.1
Project("{FAE04EC0-301F-11D3-BF4B-00C04F79EFBC}") = "SonarAnalyzer.Vsix", "src\SonarAnalyzer.Vsix\SonarAnalyzer.Vsix.csproj", "{9D2DF65B-8BB4-4F85-8B71-C4B636513EF3}"
EndProject
Project("{2150E333-8FDC-42A3-9474-1A3956D46DE8}") = "Common Solution Items", "Common Solution Items", "{0C3E0519-DB5C-47C0-ABB3-9D1FB23DFBAF}"
	ProjectSection(SolutionItems) = preProject
		src\AssemblyInfo.Shared.cs = src\AssemblyInfo.Shared.cs
		src\SonarAnalyzer.ruleset = src\SonarAnalyzer.ruleset
		src\SonarAnalyzer.Test.ruleset = src\SonarAnalyzer.Test.ruleset
		src\SonarLint.xml = src\SonarLint.xml
		build\Version.props = build\Version.props
	EndProjectSection
EndProject
Project("{FAE04EC0-301F-11D3-BF4B-00C04F79EFBC}") = "SonarAnalyzer.Common", "src\SonarAnalyzer.Common\SonarAnalyzer.Common.csproj", "{D1AE804F-AE78-4883-B3D6-9E3C4026DEF6}"
EndProject
Project("{FAE04EC0-301F-11D3-BF4B-00C04F79EFBC}") = "SonarAnalyzer.Utilities", "src\SonarAnalyzer.Utilities\SonarAnalyzer.Utilities.csproj", "{4C1BB6CE-645F-400B-B491-AF7BB40E5C01}"
EndProject
Project("{2150E333-8FDC-42A3-9474-1A3956D46DE8}") = "Tests", "Tests", "{B7233F78-E142-4882-B084-7C83BE472109}"
EndProject
Project("{FAE04EC0-301F-11D3-BF4B-00C04F79EFBC}") = "SonarAnalyzer.UnitTest", "src\Tests\SonarAnalyzer.UnitTest\SonarAnalyzer.UnitTest.csproj", "{4AC7D054-B645-46D7-9671-D666BCE0C745}"
EndProject
Project("{2150E333-8FDC-42A3-9474-1A3956D46DE8}") = "SonarQube Integration", "SonarQube Integration", "{F51A8C2A-A0F5-4282-956F-549D05860396}"
EndProject
Project("{FAE04EC0-301F-11D3-BF4B-00C04F79EFBC}") = "SonarAnalyzer.RuleDescriptorGenerator", "src\SonarAnalyzer.RuleDescriptorGenerator\SonarAnalyzer.RuleDescriptorGenerator.csproj", "{E4D5FF22-C1A4-4CAD-B068-E47817F25848}"
EndProject
Project("{FAE04EC0-301F-11D3-BF4B-00C04F79EFBC}") = "SonarAnalyzer.RuleDocGenerator.Web", "src\SonarAnalyzer.RuleDocGenerator.Web\SonarAnalyzer.RuleDocGenerator.Web.csproj", "{98EF48F7-28D7-44CA-8C7F-6042EA4898E1}"
EndProject
Project("{FAE04EC0-301F-11D3-BF4B-00C04F79EFBC}") = "SonarAnalyzer.CSharp", "src\SonarAnalyzer.CSharp\SonarAnalyzer.CSharp.csproj", "{39CCD086-A7F8-42A0-B402-3C9BD9EB4825}"
EndProject
Project("{FAE04EC0-301F-11D3-BF4B-00C04F79EFBC}") = "SonarAnalyzer.VisualBasic", "src\SonarAnalyzer.VisualBasic\SonarAnalyzer.VisualBasic.csproj", "{01DF3CB0-2213-42F3-BB8E-0C3BC330DE7A}"
EndProject
Project("{FAE04EC0-301F-11D3-BF4B-00C04F79EFBC}") = "SonarAnalyzer.Tests", "src\Tests\SonarAnalyzer.Tests\SonarAnalyzer.Tests.csproj", "{C2199015-6796-493E-8AC4-18C39F9AD2CE}"
EndProject
Global
	GlobalSection(SolutionConfigurationPlatforms) = preSolution
		Debug|Any CPU = Debug|Any CPU
		Release|Any CPU = Release|Any CPU
	EndGlobalSection
	GlobalSection(ProjectConfigurationPlatforms) = postSolution
		{9D2DF65B-8BB4-4F85-8B71-C4B636513EF3}.Debug|Any CPU.ActiveCfg = Debug|Any CPU
		{9D2DF65B-8BB4-4F85-8B71-C4B636513EF3}.Debug|Any CPU.Build.0 = Debug|Any CPU
		{9D2DF65B-8BB4-4F85-8B71-C4B636513EF3}.Release|Any CPU.ActiveCfg = Release|Any CPU
		{9D2DF65B-8BB4-4F85-8B71-C4B636513EF3}.Release|Any CPU.Build.0 = Release|Any CPU
		{D1AE804F-AE78-4883-B3D6-9E3C4026DEF6}.Debug|Any CPU.ActiveCfg = Debug|Any CPU
		{D1AE804F-AE78-4883-B3D6-9E3C4026DEF6}.Debug|Any CPU.Build.0 = Debug|Any CPU
		{D1AE804F-AE78-4883-B3D6-9E3C4026DEF6}.Release|Any CPU.ActiveCfg = Release|Any CPU
		{D1AE804F-AE78-4883-B3D6-9E3C4026DEF6}.Release|Any CPU.Build.0 = Release|Any CPU
		{4C1BB6CE-645F-400B-B491-AF7BB40E5C01}.Debug|Any CPU.ActiveCfg = Debug|Any CPU
		{4C1BB6CE-645F-400B-B491-AF7BB40E5C01}.Debug|Any CPU.Build.0 = Debug|Any CPU
		{4C1BB6CE-645F-400B-B491-AF7BB40E5C01}.Release|Any CPU.ActiveCfg = Release|Any CPU
		{4C1BB6CE-645F-400B-B491-AF7BB40E5C01}.Release|Any CPU.Build.0 = Release|Any CPU
		{4AC7D054-B645-46D7-9671-D666BCE0C745}.Debug|Any CPU.ActiveCfg = Debug|Any CPU
		{4AC7D054-B645-46D7-9671-D666BCE0C745}.Debug|Any CPU.Build.0 = Debug|Any CPU
		{4AC7D054-B645-46D7-9671-D666BCE0C745}.Release|Any CPU.ActiveCfg = Release|Any CPU
		{4AC7D054-B645-46D7-9671-D666BCE0C745}.Release|Any CPU.Build.0 = Release|Any CPU
		{E4D5FF22-C1A4-4CAD-B068-E47817F25848}.Debug|Any CPU.ActiveCfg = Debug|Any CPU
		{E4D5FF22-C1A4-4CAD-B068-E47817F25848}.Debug|Any CPU.Build.0 = Debug|Any CPU
		{E4D5FF22-C1A4-4CAD-B068-E47817F25848}.Release|Any CPU.ActiveCfg = Release|Any CPU
		{E4D5FF22-C1A4-4CAD-B068-E47817F25848}.Release|Any CPU.Build.0 = Release|Any CPU
		{98EF48F7-28D7-44CA-8C7F-6042EA4898E1}.Debug|Any CPU.ActiveCfg = Debug|Any CPU
		{98EF48F7-28D7-44CA-8C7F-6042EA4898E1}.Debug|Any CPU.Build.0 = Debug|Any CPU
		{98EF48F7-28D7-44CA-8C7F-6042EA4898E1}.Release|Any CPU.ActiveCfg = Release|Any CPU
		{98EF48F7-28D7-44CA-8C7F-6042EA4898E1}.Release|Any CPU.Build.0 = Release|Any CPU
		{39CCD086-A7F8-42A0-B402-3C9BD9EB4825}.Debug|Any CPU.ActiveCfg = Debug|Any CPU
		{39CCD086-A7F8-42A0-B402-3C9BD9EB4825}.Debug|Any CPU.Build.0 = Debug|Any CPU
		{39CCD086-A7F8-42A0-B402-3C9BD9EB4825}.Release|Any CPU.ActiveCfg = Release|Any CPU
		{39CCD086-A7F8-42A0-B402-3C9BD9EB4825}.Release|Any CPU.Build.0 = Release|Any CPU
		{01DF3CB0-2213-42F3-BB8E-0C3BC330DE7A}.Debug|Any CPU.ActiveCfg = Debug|Any CPU
		{01DF3CB0-2213-42F3-BB8E-0C3BC330DE7A}.Debug|Any CPU.Build.0 = Debug|Any CPU
		{01DF3CB0-2213-42F3-BB8E-0C3BC330DE7A}.Release|Any CPU.ActiveCfg = Release|Any CPU
		{01DF3CB0-2213-42F3-BB8E-0C3BC330DE7A}.Release|Any CPU.Build.0 = Release|Any CPU
		{C2199015-6796-493E-8AC4-18C39F9AD2CE}.Debug|Any CPU.ActiveCfg = Debug|Any CPU
		{C2199015-6796-493E-8AC4-18C39F9AD2CE}.Debug|Any CPU.Build.0 = Debug|Any CPU
		{C2199015-6796-493E-8AC4-18C39F9AD2CE}.Release|Any CPU.ActiveCfg = Release|Any CPU
		{C2199015-6796-493E-8AC4-18C39F9AD2CE}.Release|Any CPU.Build.0 = Release|Any CPU
	EndGlobalSection
	GlobalSection(SolutionProperties) = preSolution
		HideSolutionNode = FALSE
	EndGlobalSection
	GlobalSection(NestedProjects) = preSolution
		{4AC7D054-B645-46D7-9671-D666BCE0C745} = {B7233F78-E142-4882-B084-7C83BE472109}
		{E4D5FF22-C1A4-4CAD-B068-E47817F25848} = {F51A8C2A-A0F5-4282-956F-549D05860396}
		{98EF48F7-28D7-44CA-8C7F-6042EA4898E1} = {F51A8C2A-A0F5-4282-956F-549D05860396}
		{C2199015-6796-493E-8AC4-18C39F9AD2CE} = {B7233F78-E142-4882-B084-7C83BE472109}
	EndGlobalSection
EndGlobal
