
Microsoft Visual Studio Solution File, Format Version 12.00
# Visual Studio 15
VisualStudioVersion = 15.0.26430.16
MinimumVisualStudioVersion = 10.0.40219.1
Project("{9A19103F-16F7-4668-BE54-9A1E7A4F7556}") = "SonarAnalyzer.CSharp.2017", "src\SonarAnalyzer.CSharp\SonarAnalyzer.CSharp.2017.csproj", "{C7B537A2-62A7-4878-91B8-F766E76C2CA0}"
EndProject
Project("{FAE04EC0-301F-11D3-BF4B-00C04F79EFBC}") = "SonarAnalyzer.UnitTest.2017", "src\Tests\SonarAnalyzer.UnitTest\SonarAnalyzer.UnitTest.2017.csproj", "{76E6CC17-FC68-4C8E-941D-8173CDCB855E}"
EndProject
Project("{9A19103F-16F7-4668-BE54-9A1E7A4F7556}") = "SonarAnalyzer.VisualBasic.2017", "src\SonarAnalyzer.VisualBasic\SonarAnalyzer.VisualBasic.2017.csproj", "{C6E0927F-7299-48C4-8946-36E03FD2696B}"
EndProject
Project("{9A19103F-16F7-4668-BE54-9A1E7A4F7556}") = "SonarAnalyzer.Utilities.2017", "src\SonarAnalyzer.Utilities\SonarAnalyzer.Utilities.2017.csproj", "{5595D032-CDA1-4106-93AF-78BE357E9995}"
EndProject
Project("{2150E333-8FDC-42A3-9474-1A3956D46DE8}") = "Tests", "Tests", "{0DCDDFB1-C4C6-41BA-9613-53F2FBB4C1DA}"
EndProject
Project("{FAE04EC0-301F-11D3-BF4B-00C04F79EFBC}") = "SonarAnalyzer.RuleDocGenerator.Web.2017", "src\SonarAnalyzer.RuleDocGenerator.Web\SonarAnalyzer.RuleDocGenerator.Web.2017.csproj", "{E77C89FB-0316-4E26-95CC-F6156FDF1646}"
EndProject
Project("{FAE04EC0-301F-11D3-BF4B-00C04F79EFBC}") = "SonarAnalyzer.RuleDescriptorGenerator.2017", "src\SonarAnalyzer.RuleDescriptorGenerator\SonarAnalyzer.RuleDescriptorGenerator.2017.csproj", "{45D2F72F-6771-4E58-9BF6-AC3FBAE831E7}"
EndProject
Project("{2150E333-8FDC-42A3-9474-1A3956D46DE8}") = "SonarQube Integration", "SonarQube Integration", "{E10BC84F-F6D3-461D-BA82-55C5335FC02C}"
EndProject
Project("{2150E333-8FDC-42A3-9474-1A3956D46DE8}") = "Common Solution Items", "Common Solution Items", "{3DF935D3-3D2D-49C2-9B7F-9A65FCB8F00D}"
	ProjectSection(SolutionItems) = preProject
		src\AssemblyInfo.Shared.cs = src\AssemblyInfo.Shared.cs
		src\Signing.cs = src\Signing.cs
		src\SonarAnalyzer.ruleset = src\SonarAnalyzer.ruleset
		src\SonarAnalyzer.Test.ruleset = src\SonarAnalyzer.Test.ruleset
		src\SonarLint.xml = src\SonarLint.xml
	EndProjectSection
EndProject
Project("{9A19103F-16F7-4668-BE54-9A1E7A4F7556}") = "SonarAnalyzer.Common.2017", "src\SonarAnalyzer.Common\SonarAnalyzer.Common.2017.csproj", "{A8D0F263-B78C-4AAA-BC4A-4972AFC7971F}"
EndProject
Project("{2150E333-8FDC-42A3-9474-1A3956D46DE8}") = "VS2017", "VS2017", "{9FC2CD29-FC7A-4BAB-BA0D-1ADF0299054B}"
EndProject
Project("{FAE04EC0-301F-11D3-BF4B-00C04F79EFBC}") = "SonarAnalyzer.Vsix.2017", "src\SonarAnalyzer.Vsix.2017\SonarAnalyzer.Vsix.2017.csproj", "{D3770006-B071-4C8B-84D4-625BA0E2C07A}"
EndProject
Global
	GlobalSection(SolutionConfigurationPlatforms) = preSolution
		Debug|Any CPU = Debug|Any CPU
		Release|Any CPU = Release|Any CPU
	EndGlobalSection
	GlobalSection(ProjectConfigurationPlatforms) = postSolution
		{C7B537A2-62A7-4878-91B8-F766E76C2CA0}.Debug|Any CPU.ActiveCfg = Debug|Any CPU
		{C7B537A2-62A7-4878-91B8-F766E76C2CA0}.Debug|Any CPU.Build.0 = Debug|Any CPU
		{C7B537A2-62A7-4878-91B8-F766E76C2CA0}.Release|Any CPU.ActiveCfg = Release|Any CPU
		{C7B537A2-62A7-4878-91B8-F766E76C2CA0}.Release|Any CPU.Build.0 = Release|Any CPU
		{76E6CC17-FC68-4C8E-941D-8173CDCB855E}.Debug|Any CPU.ActiveCfg = Debug|Any CPU
		{76E6CC17-FC68-4C8E-941D-8173CDCB855E}.Debug|Any CPU.Build.0 = Debug|Any CPU
		{76E6CC17-FC68-4C8E-941D-8173CDCB855E}.Release|Any CPU.ActiveCfg = Release|Any CPU
		{76E6CC17-FC68-4C8E-941D-8173CDCB855E}.Release|Any CPU.Build.0 = Release|Any CPU
		{C6E0927F-7299-48C4-8946-36E03FD2696B}.Debug|Any CPU.ActiveCfg = Debug|Any CPU
		{C6E0927F-7299-48C4-8946-36E03FD2696B}.Debug|Any CPU.Build.0 = Debug|Any CPU
		{C6E0927F-7299-48C4-8946-36E03FD2696B}.Release|Any CPU.ActiveCfg = Release|Any CPU
		{C6E0927F-7299-48C4-8946-36E03FD2696B}.Release|Any CPU.Build.0 = Release|Any CPU
		{5595D032-CDA1-4106-93AF-78BE357E9995}.Debug|Any CPU.ActiveCfg = Debug|Any CPU
		{5595D032-CDA1-4106-93AF-78BE357E9995}.Debug|Any CPU.Build.0 = Debug|Any CPU
		{5595D032-CDA1-4106-93AF-78BE357E9995}.Release|Any CPU.ActiveCfg = Release|Any CPU
		{5595D032-CDA1-4106-93AF-78BE357E9995}.Release|Any CPU.Build.0 = Release|Any CPU
		{E77C89FB-0316-4E26-95CC-F6156FDF1646}.Debug|Any CPU.ActiveCfg = Debug|Any CPU
		{E77C89FB-0316-4E26-95CC-F6156FDF1646}.Debug|Any CPU.Build.0 = Debug|Any CPU
		{E77C89FB-0316-4E26-95CC-F6156FDF1646}.Release|Any CPU.ActiveCfg = Release|Any CPU
		{E77C89FB-0316-4E26-95CC-F6156FDF1646}.Release|Any CPU.Build.0 = Release|Any CPU
		{45D2F72F-6771-4E58-9BF6-AC3FBAE831E7}.Debug|Any CPU.ActiveCfg = Debug|Any CPU
		{45D2F72F-6771-4E58-9BF6-AC3FBAE831E7}.Debug|Any CPU.Build.0 = Debug|Any CPU
		{45D2F72F-6771-4E58-9BF6-AC3FBAE831E7}.Release|Any CPU.ActiveCfg = Release|Any CPU
		{45D2F72F-6771-4E58-9BF6-AC3FBAE831E7}.Release|Any CPU.Build.0 = Release|Any CPU
		{A8D0F263-B78C-4AAA-BC4A-4972AFC7971F}.Debug|Any CPU.ActiveCfg = Debug|Any CPU
		{A8D0F263-B78C-4AAA-BC4A-4972AFC7971F}.Debug|Any CPU.Build.0 = Debug|Any CPU
		{A8D0F263-B78C-4AAA-BC4A-4972AFC7971F}.Release|Any CPU.ActiveCfg = Release|Any CPU
		{A8D0F263-B78C-4AAA-BC4A-4972AFC7971F}.Release|Any CPU.Build.0 = Release|Any CPU
		{D3770006-B071-4C8B-84D4-625BA0E2C07A}.Debug|Any CPU.ActiveCfg = Debug|Any CPU
		{D3770006-B071-4C8B-84D4-625BA0E2C07A}.Debug|Any CPU.Build.0 = Debug|Any CPU
		{D3770006-B071-4C8B-84D4-625BA0E2C07A}.Release|Any CPU.ActiveCfg = Release|Any CPU
		{D3770006-B071-4C8B-84D4-625BA0E2C07A}.Release|Any CPU.Build.0 = Release|Any CPU
	EndGlobalSection
	GlobalSection(SolutionProperties) = preSolution
		HideSolutionNode = FALSE
	EndGlobalSection
	GlobalSection(NestedProjects) = preSolution
		{C7B537A2-62A7-4878-91B8-F766E76C2CA0} = {9FC2CD29-FC7A-4BAB-BA0D-1ADF0299054B}
		{76E6CC17-FC68-4C8E-941D-8173CDCB855E} = {0DCDDFB1-C4C6-41BA-9613-53F2FBB4C1DA}
		{C6E0927F-7299-48C4-8946-36E03FD2696B} = {9FC2CD29-FC7A-4BAB-BA0D-1ADF0299054B}
		{5595D032-CDA1-4106-93AF-78BE357E9995} = {9FC2CD29-FC7A-4BAB-BA0D-1ADF0299054B}
		{0DCDDFB1-C4C6-41BA-9613-53F2FBB4C1DA} = {9FC2CD29-FC7A-4BAB-BA0D-1ADF0299054B}
		{E77C89FB-0316-4E26-95CC-F6156FDF1646} = {E10BC84F-F6D3-461D-BA82-55C5335FC02C}
		{45D2F72F-6771-4E58-9BF6-AC3FBAE831E7} = {E10BC84F-F6D3-461D-BA82-55C5335FC02C}
		{E10BC84F-F6D3-461D-BA82-55C5335FC02C} = {9FC2CD29-FC7A-4BAB-BA0D-1ADF0299054B}
		{A8D0F263-B78C-4AAA-BC4A-4972AFC7971F} = {9FC2CD29-FC7A-4BAB-BA0D-1ADF0299054B}
		{D3770006-B071-4C8B-84D4-625BA0E2C07A} = {9FC2CD29-FC7A-4BAB-BA0D-1ADF0299054B}
	EndGlobalSection
EndGlobal
