
Microsoft Visual Studio Solution File, Format Version 12.00
# Visual Studio Version 16
VisualStudioVersion = 16.0.30310.162
MinimumVisualStudioVersion = 10.0.40219.1
Project("{9A19103F-16F7-4668-BE54-9A1E7A4F7556}") = "SonarAnalyzer.UnitTest.CSharp9", "tests\SonarAnalyzer.UnitTest.CSharp9\SonarAnalyzer.UnitTest.CSharp9.csproj", "{7BD4B393-5BB5-43B9-A2D1-8E576F82DF53}"
EndProject
Global
	GlobalSection(SolutionConfigurationPlatforms) = preSolution
		Debug|Any CPU = Debug|Any CPU
		Release|Any CPU = Release|Any CPU
	EndGlobalSection
	GlobalSection(ProjectConfigurationPlatforms) = postSolution
		{7BD4B393-5BB5-43B9-A2D1-8E576F82DF53}.Debug|Any CPU.ActiveCfg = Debug|Any CPU
		{7BD4B393-5BB5-43B9-A2D1-8E576F82DF53}.Debug|Any CPU.Build.0 = Debug|Any CPU
		{7BD4B393-5BB5-43B9-A2D1-8E576F82DF53}.Release|Any CPU.ActiveCfg = Release|Any CPU
		{7BD4B393-5BB5-43B9-A2D1-8E576F82DF53}.Release|Any CPU.Build.0 = Release|Any CPU
	EndGlobalSection
	GlobalSection(SolutionProperties) = preSolution
		HideSolutionNode = FALSE
	EndGlobalSection
	GlobalSection(ExtensibilityGlobals) = postSolution
		SolutionGuid = {79296175-4331-407C-B1F8-E3EE7CC96344}
	EndGlobalSection
EndGlobal
