
Microsoft Visual Studio Solution File, Format Version 12.00
# Visual Studio Version 17
VisualStudioVersion = 17.0.32112.339
MinimumVisualStudioVersion = 10.0.40219.1
Project("{FAE04EC0-301F-11D3-BF4B-00C04F79EFBC}") = "ClassLibrary1", "ClassLibrary1\ClassLibrary1.csproj", "{3BD80BD5-B567-4A88-B921-05BEF50EEC90}"
EndProject
Project("{FAE04EC0-301F-11D3-BF4B-00C04F79EFBC}") = "ClassLibrary2", "ClassLibrary2\ClassLibrary2.csproj", "{B7ED2292-D5DA-46EB-A8D5-DC1E03643626}"
EndProject
Global
	GlobalSection(SolutionConfigurationPlatforms) = preSolution
		Debug|Any CPU = Debug|Any CPU
		Release|Any CPU = Release|Any CPU
	EndGlobalSection
	GlobalSection(ProjectConfigurationPlatforms) = postSolution
		{3BD80BD5-B567-4A88-B921-05BEF50EEC90}.Debug|Any CPU.ActiveCfg = Debug|Any CPU
		{3BD80BD5-B567-4A88-B921-05BEF50EEC90}.Debug|Any CPU.Build.0 = Debug|Any CPU
		{3BD80BD5-B567-4A88-B921-05BEF50EEC90}.Release|Any CPU.ActiveCfg = Release|Any CPU
		{3BD80BD5-B567-4A88-B921-05BEF50EEC90}.Release|Any CPU.Build.0 = Release|Any CPU
		{B7ED2292-D5DA-46EB-A8D5-DC1E03643626}.Debug|Any CPU.ActiveCfg = Debug|Any CPU
		{B7ED2292-D5DA-46EB-A8D5-DC1E03643626}.Debug|Any CPU.Build.0 = Debug|Any CPU
		{B7ED2292-D5DA-46EB-A8D5-DC1E03643626}.Release|Any CPU.ActiveCfg = Release|Any CPU
		{B7ED2292-D5DA-46EB-A8D5-DC1E03643626}.Release|Any CPU.Build.0 = Release|Any CPU
	EndGlobalSection
	GlobalSection(SolutionProperties) = preSolution
		HideSolutionNode = FALSE
	EndGlobalSection
	GlobalSection(ExtensibilityGlobals) = postSolution
		SolutionGuid = {F6462159-C3DE-44D5-A08C-161B4A226233}
	EndGlobalSection
EndGlobal
