
Microsoft Visual Studio Solution File, Format Version 10.00
# Visual Studio 2008
Project("{FAE04EC0-301F-11D3-BF4B-00C04F79EFBC}") = "ClassLibrary", "ClassLibrary\ClassLibrary.csproj", "{341CE766-9DC8-4825-8CA4-74D66A8B5FD2}"
EndProject
Project("{E24C65DC-7377-472B-9ABA-BC803B73C61A}") = "WebSite", "WebSite/", "{C4564238-A3D9-4537-A640-7BA87F234FF7}"
	ProjectSection(WebsiteProperties) = preProject
		TargetFramework = "3.5"
		ProjectReferences = "{341CE766-9DC8-4825-8CA4-74D66A8B5FD2}|ClassLibrary.dll;"
		Debug.AspNetCompiler.VirtualPath = "/WebSite"
		Debug.AspNetCompiler.PhysicalPath = "WebSite\"
		Debug.AspNetCompiler.TargetPath = "PrecompiledWeb\WebSite\"
		Debug.AspNetCompiler.Updateable = "true"
		Debug.AspNetCompiler.ForceOverwrite = "true"
		Debug.AspNetCompiler.FixedNames = "false"
		Debug.AspNetCompiler.Debug = "False"
		Release.AspNetCompiler.VirtualPath = "/WebSite"
		Release.AspNetCompiler.PhysicalPath = "WebSite\"
		Release.AspNetCompiler.TargetPath = "PrecompiledWeb\WebSite\"
		Release.AspNetCompiler.Updateable = "true"
		Release.AspNetCompiler.ForceOverwrite = "true"
		Release.AspNetCompiler.FixedNames = "false"
		Release.AspNetCompiler.Debug = "False"
		VWDPort = "10689"
		DefaultWebSiteLanguage = "Visual C#"
	EndProjectSection
EndProject
Global
	GlobalSection(SolutionConfigurationPlatforms) = preSolution
		Debug|.NET = Debug|.NET
		Debug|Any CPU = Debug|Any CPU
		Debug|Mixed Platforms = Debug|Mixed Platforms
		Release|.NET = Release|.NET
		Release|Any CPU = Release|Any CPU
		Release|Mixed Platforms = Release|Mixed Platforms
	EndGlobalSection
	GlobalSection(ProjectConfigurationPlatforms) = postSolution
		{341CE766-9DC8-4825-8CA4-74D66A8B5FD2}.Debug|.NET.ActiveCfg = Debug|Any CPU
		{341CE766-9DC8-4825-8CA4-74D66A8B5FD2}.Debug|Any CPU.ActiveCfg = Debug|Any CPU
		{341CE766-9DC8-4825-8CA4-74D66A8B5FD2}.Debug|Any CPU.Build.0 = Debug|Any CPU
		{341CE766-9DC8-4825-8CA4-74D66A8B5FD2}.Debug|Mixed Platforms.ActiveCfg = Debug|Any CPU
		{341CE766-9DC8-4825-8CA4-74D66A8B5FD2}.Debug|Mixed Platforms.Build.0 = Debug|Any CPU
		{341CE766-9DC8-4825-8CA4-74D66A8B5FD2}.Release|.NET.ActiveCfg = Release|Any CPU
		{341CE766-9DC8-4825-8CA4-74D66A8B5FD2}.Release|Any CPU.ActiveCfg = Release|Any CPU
		{341CE766-9DC8-4825-8CA4-74D66A8B5FD2}.Release|Any CPU.Build.0 = Release|Any CPU
		{341CE766-9DC8-4825-8CA4-74D66A8B5FD2}.Release|Mixed Platforms.ActiveCfg = Release|Any CPU
		{341CE766-9DC8-4825-8CA4-74D66A8B5FD2}.Release|Mixed Platforms.Build.0 = Release|Any CPU
		{C4564238-A3D9-4537-A640-7BA87F234FF7}.Debug|.NET.ActiveCfg = Debug|.NET
		{C4564238-A3D9-4537-A640-7BA87F234FF7}.Debug|.NET.Build.0 = Debug|.NET
		{C4564238-A3D9-4537-A640-7BA87F234FF7}.Debug|Any CPU.ActiveCfg = Debug|.NET
		{C4564238-A3D9-4537-A640-7BA87F234FF7}.Debug|Mixed Platforms.ActiveCfg = Debug|.NET
		{C4564238-A3D9-4537-A640-7BA87F234FF7}.Debug|Mixed Platforms.Build.0 = Debug|.NET
		{C4564238-A3D9-4537-A640-7BA87F234FF7}.Release|.NET.ActiveCfg = Debug|.NET
		{C4564238-A3D9-4537-A640-7BA87F234FF7}.Release|.NET.Build.0 = Debug|.NET
		{C4564238-A3D9-4537-A640-7BA87F234FF7}.Release|Any CPU.ActiveCfg = Debug|.NET
		{C4564238-A3D9-4537-A640-7BA87F234FF7}.Release|Mixed Platforms.ActiveCfg = Debug|.NET
		{C4564238-A3D9-4537-A640-7BA87F234FF7}.Release|Mixed Platforms.Build.0 = Debug|.NET
	EndGlobalSection
	GlobalSection(SolutionProperties) = preSolution
		HideSolutionNode = FALSE
	EndGlobalSection
EndGlobal
