
Microsoft Visual Studio Solution File, Format Version 12.00
# Visual Studio Version 17
VisualStudioVersion = 17.6.33829.357
MinimumVisualStudioVersion = 10.0.40219.1
Project("{FAE04EC0-301F-11D3-BF4B-00C04F79EFBC}") = "BlazorSample", "BlazorSample\BlazorSample.csproj", "{B465688A-F79C-4277-A4C0-F111E0EBE744}"
EndProject
Global
	GlobalSection(SolutionConfigurationPlatforms) = preSolution
		Debug|Any CPU = Debug|Any CPU
		Release|Any CPU = Release|Any CPU
	EndGlobalSection
	GlobalSection(ProjectConfigurationPlatforms) = postSolution
		{B465688A-F79C-4277-A4C0-F111E0EBE744}.Debug|Any CPU.ActiveCfg = Debug|Any CPU
		{B465688A-F79C-4277-A4C0-F111E0EBE744}.Debug|Any CPU.Build.0 = Debug|Any CPU
		{B465688A-F79C-4277-A4C0-F111E0EBE744}.Release|Any CPU.ActiveCfg = Release|Any CPU
		{B465688A-F79C-4277-A4C0-F111E0EBE744}.Release|Any CPU.Build.0 = Release|Any CPU
	EndGlobalSection
	GlobalSection(SolutionProperties) = preSolution
		HideSolutionNode = FALSE
	EndGlobalSection
	GlobalSection(ExtensibilityGlobals) = postSolution
		SolutionGuid = {2DE8ECCA-04FB-499E-8FF5-6CF615AC0EA1}
	EndGlobalSection
EndGlobal
