
Microsoft Visual Studio Solution File, Format Version 12.00
# Visual Studio Version 16
VisualStudioVersion = 16.0.30225.117
MinimumVisualStudioVersion = 10.0.40219.1
Project("{FAE04EC0-301F-11D3-BF4B-00C04F79EFBC}") = "WebApplication", "WebApplication.csproj", "{593FAC6D-87EE-4F80-BB72-AA19446A897F}"
EndProject
Global
	GlobalSection(SolutionConfigurationPlatforms) = preSolution
		Debug|Any CPU = Debug|Any CPU
		Release|Any CPU = Release|Any CPU
	EndGlobalSection
	GlobalSection(ProjectConfigurationPlatforms) = postSolution
		{593FAC6D-87EE-4F80-BB72-AA19446A897F}.Debug|Any CPU.ActiveCfg = Debug|Any CPU
		{593FAC6D-87EE-4F80-BB72-AA19446A897F}.Debug|Any CPU.Build.0 = Debug|Any CPU
		{593FAC6D-87EE-4F80-BB72-AA19446A897F}.Release|Any CPU.ActiveCfg = Release|Any CPU
		{593FAC6D-87EE-4F80-BB72-AA19446A897F}.Release|Any CPU.Build.0 = Release|Any CPU
	EndGlobalSection
	GlobalSection(SolutionProperties) = preSolution
		HideSolutionNode = FALSE
	EndGlobalSection
	GlobalSection(ExtensibilityGlobals) = postSolution
		SolutionGuid = {36E89E91-B5E3-4E43-8AD6-114E0BC608C1}
	EndGlobalSection
EndGlobal
