
Microsoft Visual Studio Solution File, Format Version 12.00
# Visual Studio 14
VisualStudioVersion = 14.0.25420.1
MinimumVisualStudioVersion = 10.0.40219.1
Project("{FAE04EC0-301F-11D3-BF4B-00C04F79EFBC}") = "NotAutoGeneratedFiles", "NotAutoGeneratedFiles.csproj", "{95EEF609-C259-44E9-80D1-D6471DDCB8B1}"
EndProject
Global
	GlobalSection(SolutionConfigurationPlatforms) = preSolution
		Debug|Any CPU = Debug|Any CPU
		Release|Any CPU = Release|Any CPU
	EndGlobalSection
	GlobalSection(ProjectConfigurationPlatforms) = postSolution
		{95EEF609-C259-44E9-80D1-D6471DDCB8B1}.Debug|Any CPU.ActiveCfg = Debug|Any CPU
		{95EEF609-C259-44E9-80D1-D6471DDCB8B1}.Debug|Any CPU.Build.0 = Debug|Any CPU
		{95EEF609-C259-44E9-80D1-D6471DDCB8B1}.Release|Any CPU.ActiveCfg = Release|Any CPU
		{95EEF609-C259-44E9-80D1-D6471DDCB8B1}.Release|Any CPU.Build.0 = Release|Any CPU
		{FEBCA699-EA25-44CF-B01F-1FCC6A4C382E}.Debug|Any CPU.ActiveCfg = Debug|Any CPU
		{FEBCA699-EA25-44CF-B01F-1FCC6A4C382E}.Debug|Any CPU.Build.0 = Debug|Any CPU
		{FEBCA699-EA25-44CF-B01F-1FCC6A4C382E}.Release|Any CPU.ActiveCfg = Release|Any CPU
		{FEBCA699-EA25-44CF-B01F-1FCC6A4C382E}.Release|Any CPU.Build.0 = Release|Any CPU
	EndGlobalSection
	GlobalSection(SolutionProperties) = preSolution
		HideSolutionNode = FALSE
	EndGlobalSection
EndGlobal
