
Microsoft Visual Studio Solution File, Format Version 12.00
# Visual Studio Version 17
VisualStudioVersion = 17.4.32916.344
MinimumVisualStudioVersion = 10.0.40219.1
Project("{FAE04EC0-301F-11D3-BF4B-00C04F79EFBC}") = "Net7", "Net7\Net7.csproj", "{6F352450-3A34-483D-ACA8-1BCAC00B07C6}"
EndProject
Global
	GlobalSection(SolutionConfigurationPlatforms) = preSolution
		Debug|Any CPU = Debug|Any CPU
		Release|Any CPU = Release|Any CPU
	EndGlobalSection
	GlobalSection(ProjectConfigurationPlatforms) = postSolution
		{6F352450-3A34-483D-ACA8-1BCAC00B07C6}.Debug|Any CPU.ActiveCfg = Debug|Any CPU
		{6F352450-3A34-483D-ACA8-1BCAC00B07C6}.Debug|Any CPU.Build.0 = Debug|Any CPU
		{6F352450-3A34-483D-ACA8-1BCAC00B07C6}.Release|Any CPU.ActiveCfg = Release|Any CPU
		{6F352450-3A34-483D-ACA8-1BCAC00B07C6}.Release|Any CPU.Build.0 = Release|Any CPU
	EndGlobalSection
	GlobalSection(SolutionProperties) = preSolution
		HideSolutionNode = FALSE
	EndGlobalSection
	GlobalSection(ExtensibilityGlobals) = postSolution
		SolutionGuid = {47202BCC-3C48-4A7D-8E1B-C3B2E6AFD7FB}
	EndGlobalSection
EndGlobal
