
Microsoft Visual Studio Solution File, Format Version 12.00
Project("{FAE04EC0-301F-11D3-BF4B-00C04F79EFBC}") = "Calculator", "Calculator\Calculator.csproj", "{4E9E1E84-CC5E-4A6D-BB67-C9D2C085E392}"
EndProject
Project("{FAE04EC0-301F-11D3-BF4B-00C04F79EFBC}") = "Calculator.MSTest", "Calculator.MSTest\Calculator.MSTest.csproj", "{E96FEC27-B3AD-468F-BCB6-1F280B6FB73A}"
EndProject
Project("{FAE04EC0-301F-11D3-BF4B-00C04F79EFBC}") = "Calculator.NUnit3", "Calculator.NUnit3\Calculator.NUnit3.csproj", "{94125E14-4A76-4834-8FCD-E235D9E54A2B}"
EndProject
Project("{FAE04EC0-301F-11D3-BF4B-00C04F79EFBC}") = "Calculator.xUnit", "Calculator.xUnit\Calculator.xUnit.csproj", "{00583775-C9F9-42B6-9395-52A533F70B89}"
EndProject
Project("{FAE04EC0-301F-11D3-BF4B-00C04F79EFBC}") = "Calculator.NUnit4", "Calculator.NUnit4\Calculator.NUnit4.csproj", "{A0A67F53-D948-4D5D-96A3-A01092B31F9E}"
EndProject
Project("{2150E333-8FDC-42A3-9474-1A3956D46DE8}") = "Docs", "Docs", "{89ABDCD4-0251-47DF-9C82-755A3DB78641}"
	ProjectSection(SolutionItems) = preProject
		ReadMe.md = ReadMe.md
	EndProjectSection
EndProject
Global
	GlobalSection(SolutionConfigurationPlatforms) = preSolution
		Debug|Any CPU = Debug|Any CPU
		Release|Any CPU = Release|Any CPU
	EndGlobalSection
	GlobalSection(ProjectConfigurationPlatforms) = postSolution
		{4E9E1E84-CC5E-4A6D-BB67-C9D2C085E392}.Debug|Any CPU.ActiveCfg = Debug|Any CPU
		{4E9E1E84-CC5E-4A6D-BB67-C9D2C085E392}.Debug|Any CPU.Build.0 = Debug|Any CPU
		{4E9E1E84-CC5E-4A6D-BB67-C9D2C085E392}.Release|Any CPU.ActiveCfg = Release|Any CPU
		{4E9E1E84-CC5E-4A6D-BB67-C9D2C085E392}.Release|Any CPU.Build.0 = Release|Any CPU
		{E96FEC27-B3AD-468F-BCB6-1F280B6FB73A}.Debug|Any CPU.ActiveCfg = Debug|Any CPU
		{E96FEC27-B3AD-468F-BCB6-1F280B6FB73A}.Debug|Any CPU.Build.0 = Debug|Any CPU
		{E96FEC27-B3AD-468F-BCB6-1F280B6FB73A}.Release|Any CPU.ActiveCfg = Release|Any CPU
		{E96FEC27-B3AD-468F-BCB6-1F280B6FB73A}.Release|Any CPU.Build.0 = Release|Any CPU
		{94125E14-4A76-4834-8FCD-E235D9E54A2B}.Debug|Any CPU.ActiveCfg = Debug|Any CPU
		{94125E14-4A76-4834-8FCD-E235D9E54A2B}.Debug|Any CPU.Build.0 = Debug|Any CPU
		{94125E14-4A76-4834-8FCD-E235D9E54A2B}.Release|Any CPU.ActiveCfg = Release|Any CPU
		{94125E14-4A76-4834-8FCD-E235D9E54A2B}.Release|Any CPU.Build.0 = Release|Any CPU
		{00583775-C9F9-42B6-9395-52A533F70B89}.Debug|Any CPU.ActiveCfg = Debug|Any CPU
		{00583775-C9F9-42B6-9395-52A533F70B89}.Debug|Any CPU.Build.0 = Debug|Any CPU
		{00583775-C9F9-42B6-9395-52A533F70B89}.Release|Any CPU.ActiveCfg = Release|Any CPU
		{00583775-C9F9-42B6-9395-52A533F70B89}.Release|Any CPU.Build.0 = Release|Any CPU
		{A0A67F53-D948-4D5D-96A3-A01092B31F9E}.Debug|Any CPU.ActiveCfg = Debug|Any CPU
		{A0A67F53-D948-4D5D-96A3-A01092B31F9E}.Debug|Any CPU.Build.0 = Debug|Any CPU
		{A0A67F53-D948-4D5D-96A3-A01092B31F9E}.Release|Any CPU.ActiveCfg = Release|Any CPU
		{A0A67F53-D948-4D5D-96A3-A01092B31F9E}.Release|Any CPU.Build.0 = Release|Any CPU
	EndGlobalSection
EndGlobal
