
Microsoft Visual Studio Solution File, Format Version 12.00
# Visual Studio Version 17
VisualStudioVersion = 17.8.34330.188
MinimumVisualStudioVersion = 10.0.40219.1
Project("{9A19103F-16F7-4668-BE54-9A1E7A4F7556}") = "NetCore31", "NetCore31\NetCore31.csproj", "{4BA6D83E-EE36-43EC-ABDB-94E9A627720F}"
EndProject
Global
	GlobalSection(SolutionConfigurationPlatforms) = preSolution
		Debug|Any CPU = Debug|Any CPU
		Release|Any CPU = Release|Any CPU
	EndGlobalSection
	GlobalSection(ProjectConfigurationPlatforms) = postSolution
		{4BA6D83E-EE36-43EC-ABDB-94E9A627720F}.Debug|Any CPU.ActiveCfg = Debug|Any CPU
		{4BA6D83E-EE36-43EC-ABDB-94E9A627720F}.Debug|Any CPU.Build.0 = Debug|Any CPU
		{4BA6D83E-EE36-43EC-ABDB-94E9A627720F}.Release|Any CPU.ActiveCfg = Release|Any CPU
		{4BA6D83E-EE36-43EC-ABDB-94E9A627720F}.Release|Any CPU.Build.0 = Release|Any CPU
	EndGlobalSection
	GlobalSection(SolutionProperties) = preSolution
		HideSolutionNode = FALSE
	EndGlobalSection
	GlobalSection(ExtensibilityGlobals) = postSolution
		SolutionGuid = {A36E0835-84BF-4387-9F5F-8CE5D1A11585}
	EndGlobalSection
EndGlobal
