{
  "version": 1,
  "dependencies": {
    "net8.0": {
      "CommandLineParser": {
        "type": "Direct",
        "requested": "[2.9.1, )",
        "resolved": "2.9.1",
        "contentHash": "OE0sl1/sQ37bjVsPKKtwQlWDgqaxWgtme3xZz7JssWUzg5JpMIyHgCTY9MVMxOg48fJ1AgGT3tgdH5m/kQ5xhA=="
      },
      "Microsoft.CodeAnalysis.PerformanceSensitiveAnalyzers": {
        "type": "Direct",
        "requested": "[3.3.1, )",
        "resolved": "3.3.1",
        "contentHash": "eT+kgNCDdTRbQ5WF6BGx1HI3D5jYfHteza/koefhWC2vNZGxObA74XxwWfg40dy3uUv7dn3OGKLK5GUPLroVog=="
      },
      "SonarAnalyzer.CSharp.Styling": {
        "type": "Direct",
        "requested": "[9.26.0.92422, )",
        "resolved": "9.26.0.92422",
        "contentHash": "IBKknUgTK+2p9M6jVG7i7kREXqrpjKff7peHL7eVf/MN+ftOovF/3VXe2U4PcI6/RKQjL0EntVk9DK11QnpZhg=="
      },
      "StyleCop.Analyzers": {
        "type": "Direct",
        "requested": "[1.2.0-beta.556, )",
        "resolved": "1.2.0-beta.556",
        "contentHash": "llRPgmA1fhC0I0QyFLEcjvtM2239QzKr/tcnbsjArLMJxJlu0AA5G7Fft0OI30pHF3MW63Gf4aSSsjc5m82J1Q==",
        "dependencies": {
          "StyleCop.Analyzers.Unstable": "1.2.0.556"
        }
      },
      "StyleCop.Analyzers.Unstable": {
        "type": "Transitive",
        "resolved": "1.2.0.556",
        "contentHash": "zvn9Mqs/ox/83cpYPignI8hJEM2A93s2HkHs8HYMOAQW0PkampyoErAiIyKxgTLqbbad29HX/shv/6LGSjPJNQ=="
      }
    }
  }
}